// !$*UTF8*$!
{
	archiveVersion = 1;
	classes = {
	};
	objectVersion = 46;
	objects = {

/* Begin PBXBuildFile section */
		FC2235811AD193B500D0E827 /* VenueMapViewController.m in Sources */ = {isa = PBXBuildFile; fileRef = FC2235801AD193B500D0E827 /* VenueMapViewController.m */; };
		FC2235861AD1953E00D0E827 /* MapKit.framework in Frameworks */ = {isa = PBXBuildFile; fileRef = FC2235851AD1953E00D0E827 /* MapKit.framework */; };
		FC2235881AD3089F00D0E827 /* CoreLocation.framework in Frameworks */ = {isa = PBXBuildFile; fileRef = FC2235871AD3089F00D0E827 /* CoreLocation.framework */; };
		FCB350BC1AC9D0720068DB28 /* VenueDetailsViewController.m in Sources */ = {isa = PBXBuildFile; fileRef = FCB350BB1AC9D0720068DB28 /* VenueDetailsViewController.m */; };
		FCB350BF1AC9F0B00068DB28 /* Contact.m in Sources */ = {isa = PBXBuildFile; fileRef = FCB350BE1AC9F0B00068DB28 /* Contact.m */; };
		FCB350C21ACAE02A0068DB28 /* WebPageViewController.m in Sources */ = {isa = PBXBuildFile; fileRef = FCB350C11ACAE02A0068DB28 /* WebPageViewController.m */; };
		FCB350C41ACAFDA30068DB28 /* Social.framework in Frameworks */ = {isa = PBXBuildFile; fileRef = FCB350C31ACAFDA30068DB28 /* Social.framework */; };
		FCB350C71ACB0BEC0068DB28 /* Preferences.m in Sources */ = {isa = PBXBuildFile; fileRef = FCB350C61ACB0BEC0068DB28 /* Preferences.m */; };
		FCB350CE1ACC6CF40068DB28 /* CategoryTableViewController.m in Sources */ = {isa = PBXBuildFile; fileRef = FCB350CD1ACC6CF40068DB28 /* CategoryTableViewController.m */; };
		FCB350D31ACC6EC70068DB28 /* Categories.plist in Resources */ = {isa = PBXBuildFile; fileRef = FCB350D21ACC6EC70068DB28 /* Categories.plist */; };
		FCB350D61ACD96ED0068DB28 /* Categories.m in Sources */ = {isa = PBXBuildFile; fileRef = FCB350D51ACD96ED0068DB28 /* Categories.m */; };
		FCB350DC1ACDEA250068DB28 /* Appearance.m in Sources */ = {isa = PBXBuildFile; fileRef = FCB350DB1ACDEA250068DB28 /* Appearance.m */; };
		FCB350DF1ACDEB6B0068DB28 /* surf_gradient_textured_44.png in Resources */ = {isa = PBXBuildFile; fileRef = FCB350DE1ACDEB6B0068DB28 /* surf_gradient_textured_44.png */; };
		FCB350E21ACF1DDD0068DB28 /* CategoryCell.m in Sources */ = {isa = PBXBuildFile; fileRef = FCB350E11ACF1DDD0068DB28 /* CategoryCell.m */; };
		FCB350E51ACF2BED0068DB28 /* HereNow.m in Sources */ = {isa = PBXBuildFile; fileRef = FCB350E41ACF2BED0068DB28 /* HereNow.m */; };
		FCB350E81AD02DCC0068DB28 /* Menu.m in Sources */ = {isa = PBXBuildFile; fileRef = FCB350E71AD02DCC0068DB28 /* Menu.m */; };
		FCCEB3021AC84E8800634876 /* main.m in Sources */ = {isa = PBXBuildFile; fileRef = FCCEB3011AC84E8800634876 /* main.m */; };
		FCCEB30E1AC84E8800634876 /* Main.storyboard in Resources */ = {isa = PBXBuildFile; fileRef = FCCEB30C1AC84E8800634876 /* Main.storyboard */; };
		FCCEB3101AC84E8800634876 /* Images.xcassets in Resources */ = {isa = PBXBuildFile; fileRef = FCCEB30F1AC84E8800634876 /* Images.xcassets */; };
		FCCEB3131AC84E8800634876 /* LaunchScreen.xib in Resources */ = {isa = PBXBuildFile; fileRef = FCCEB3111AC84E8800634876 /* LaunchScreen.xib */; };
		FCCEB3911AC88B9B00634876 /* RestaurantKitAppDelegate.m in Sources */ = {isa = PBXBuildFile; fileRef = FCCEB3901AC88B9B00634876 /* RestaurantKitAppDelegate.m */; };
		FCCEB3971AC88BDA00634876 /* VenueCell.m in Sources */ = {isa = PBXBuildFile; fileRef = FCCEB3961AC88BDA00634876 /* VenueCell.m */; };
		FCCEB39E1AC88BE800634876 /* Location.m in Sources */ = {isa = PBXBuildFile; fileRef = FCCEB3991AC88BE800634876 /* Location.m */; };
		FCCEB39F1AC88BE800634876 /* Stats.m in Sources */ = {isa = PBXBuildFile; fileRef = FCCEB39B1AC88BE800634876 /* Stats.m */; };
		FCCEB3A01AC88BE800634876 /* Venue.m in Sources */ = {isa = PBXBuildFile; fileRef = FCCEB39D1AC88BE800634876 /* Venue.m */; };
		FCCEB3A31AC88BF300634876 /* VenueViewController.m in Sources */ = {isa = PBXBuildFile; fileRef = FCCEB3A21AC88BF300634876 /* VenueViewController.m */; };
		FCCEB3B51AC88CCA00634876 /* libRestKit.a in Frameworks */ = {isa = PBXBuildFile; fileRef = FCCEB3AC1AC88CB600634876 /* libRestKit.a */; };
		FCCEB3BA1AC88CE800634876 /* CFNetwork.framework in Frameworks */ = {isa = PBXBuildFile; fileRef = FCCEB3B61AC88CE800634876 /* CFNetwork.framework */; };
		FCCEB3BC1AC88CE800634876 /* Security.framework in Frameworks */ = {isa = PBXBuildFile; fileRef = FCCEB3B81AC88CE800634876 /* Security.framework */; };
		FCCEB3BD1AC88CE800634876 /* SystemConfiguration.framework in Frameworks */ = {isa = PBXBuildFile; fileRef = FCCEB3B91AC88CE800634876 /* SystemConfiguration.framework */; };
		FCCEB3C01AC88D0900634876 /* CoreData.framework in Frameworks */ = {isa = PBXBuildFile; fileRef = FCCEB3BE1AC88D0900634876 /* CoreData.framework */; };
		FCCEB3C11AC88D0900634876 /* MobileCoreServices.framework in Frameworks */ = {isa = PBXBuildFile; fileRef = FCCEB3BF1AC88D0900634876 /* MobileCoreServices.framework */; };
		FCFBF0C51AD832710055EA73 /* MapStyleViewController.m in Sources */ = {isa = PBXBuildFile; fileRef = FCFBF0C41AD832710055EA73 /* MapStyleViewController.m */; };
		FCFBF1211ADC259B0055EA73 /* RestaurantKitTests.m in Sources */ = {isa = PBXBuildFile; fileRef = FCFBF1201ADC259B0055EA73 /* RestaurantKitTests.m */; };
/* End PBXBuildFile section */

/* Begin PBXContainerItemProxy section */
		FCCEB3191AC84E8800634876 /* PBXContainerItemProxy */ = {
			isa = PBXContainerItemProxy;
			containerPortal = FCCEB2F41AC84E8800634876 /* Project object */;
			proxyType = 1;
			remoteGlobalIDString = FCCEB2FB1AC84E8800634876;
			remoteInfo = CoffeeKit;
		};
		FCCEB3AB1AC88CB600634876 /* PBXContainerItemProxy */ = {
			isa = PBXContainerItemProxy;
			containerPortal = FCCEB3A41AC88CB600634876 /* RestKit.xcodeproj */;
			proxyType = 2;
			remoteGlobalIDString = 25160D1614564E810060A5C5;
			remoteInfo = RestKit;
		};
		FCCEB3AD1AC88CB600634876 /* PBXContainerItemProxy */ = {
			isa = PBXContainerItemProxy;
			containerPortal = FCCEB3A41AC88CB600634876 /* RestKit.xcodeproj */;
			proxyType = 2;
			remoteGlobalIDString = 25160D2614564E820060A5C5;
			remoteInfo = RestKitTests;
		};
		FCCEB3AF1AC88CB600634876 /* PBXContainerItemProxy */ = {
			isa = PBXContainerItemProxy;
			containerPortal = FCCEB3A41AC88CB600634876 /* RestKit.xcodeproj */;
			proxyType = 2;
			remoteGlobalIDString = 25160E62145651060060A5C5;
			remoteInfo = RestKitFramework;
		};
		FCCEB3B11AC88CB600634876 /* PBXContainerItemProxy */ = {
			isa = PBXContainerItemProxy;
			containerPortal = FCCEB3A41AC88CB600634876 /* RestKit.xcodeproj */;
			proxyType = 2;
			remoteGlobalIDString = 25160E78145651060060A5C5;
			remoteInfo = RestKitFrameworkTests;
		};
		FCCEB3B31AC88CC200634876 /* PBXContainerItemProxy */ = {
			isa = PBXContainerItemProxy;
			containerPortal = FCCEB3A41AC88CB600634876 /* RestKit.xcodeproj */;
			proxyType = 1;
			remoteGlobalIDString = 25160D1514564E810060A5C5;
			remoteInfo = RestKit;
		};
/* End PBXContainerItemProxy section */

/* Begin PBXFileReference section */
		FC22357F1AD193B500D0E827 /* VenueMapViewController.h */ = {isa = PBXFileReference; fileEncoding = 4; lastKnownFileType = sourcecode.c.h; path = VenueMapViewController.h; sourceTree = "<group>"; };
		FC2235801AD193B500D0E827 /* VenueMapViewController.m */ = {isa = PBXFileReference; fileEncoding = 4; lastKnownFileType = sourcecode.c.objc; path = VenueMapViewController.m; sourceTree = "<group>"; };
		FC2235851AD1953E00D0E827 /* MapKit.framework */ = {isa = PBXFileReference; lastKnownFileType = wrapper.framework; name = MapKit.framework; path = System/Library/Frameworks/MapKit.framework; sourceTree = SDKROOT; };
		FC2235871AD3089F00D0E827 /* CoreLocation.framework */ = {isa = PBXFileReference; lastKnownFileType = wrapper.framework; name = CoreLocation.framework; path = System/Library/Frameworks/CoreLocation.framework; sourceTree = SDKROOT; };
		FCB350BA1AC9D0720068DB28 /* VenueDetailsViewController.h */ = {isa = PBXFileReference; fileEncoding = 4; lastKnownFileType = sourcecode.c.h; path = VenueDetailsViewController.h; sourceTree = "<group>"; };
		FCB350BB1AC9D0720068DB28 /* VenueDetailsViewController.m */ = {isa = PBXFileReference; fileEncoding = 4; lastKnownFileType = sourcecode.c.objc; path = VenueDetailsViewController.m; sourceTree = "<group>"; };
		FCB350BD1AC9F0B00068DB28 /* Contact.h */ = {isa = PBXFileReference; fileEncoding = 4; lastKnownFileType = sourcecode.c.h; path = Contact.h; sourceTree = "<group>"; };
		FCB350BE1AC9F0B00068DB28 /* Contact.m */ = {isa = PBXFileReference; fileEncoding = 4; lastKnownFileType = sourcecode.c.objc; path = Contact.m; sourceTree = "<group>"; };
		FCB350C01ACAE02A0068DB28 /* WebPageViewController.h */ = {isa = PBXFileReference; fileEncoding = 4; lastKnownFileType = sourcecode.c.h; path = WebPageViewController.h; sourceTree = "<group>"; };
		FCB350C11ACAE02A0068DB28 /* WebPageViewController.m */ = {isa = PBXFileReference; fileEncoding = 4; lastKnownFileType = sourcecode.c.objc; path = WebPageViewController.m; sourceTree = "<group>"; };
		FCB350C31ACAFDA30068DB28 /* Social.framework */ = {isa = PBXFileReference; lastKnownFileType = wrapper.framework; name = Social.framework; path = System/Library/Frameworks/Social.framework; sourceTree = SDKROOT; };
		FCB350C51ACB0BEC0068DB28 /* Preferences.h */ = {isa = PBXFileReference; fileEncoding = 4; lastKnownFileType = sourcecode.c.h; path = Preferences.h; sourceTree = "<group>"; };
		FCB350C61ACB0BEC0068DB28 /* Preferences.m */ = {isa = PBXFileReference; fileEncoding = 4; lastKnownFileType = sourcecode.c.objc; path = Preferences.m; sourceTree = "<group>"; };
		FCB350CC1ACC6CF40068DB28 /* CategoryTableViewController.h */ = {isa = PBXFileReference; fileEncoding = 4; lastKnownFileType = sourcecode.c.h; path = CategoryTableViewController.h; sourceTree = "<group>"; };
		FCB350CD1ACC6CF40068DB28 /* CategoryTableViewController.m */ = {isa = PBXFileReference; fileEncoding = 4; lastKnownFileType = sourcecode.c.objc; path = CategoryTableViewController.m; sourceTree = "<group>"; };
		FCB350D21ACC6EC70068DB28 /* Categories.plist */ = {isa = PBXFileReference; fileEncoding = 4; lastKnownFileType = text.plist.xml; path = Categories.plist; sourceTree = "<group>"; };
		FCB350D41ACD96ED0068DB28 /* Categories.h */ = {isa = PBXFileReference; fileEncoding = 4; lastKnownFileType = sourcecode.c.h; path = Categories.h; sourceTree = "<group>"; };
		FCB350D51ACD96ED0068DB28 /* Categories.m */ = {isa = PBXFileReference; fileEncoding = 4; lastKnownFileType = sourcecode.c.objc; path = Categories.m; sourceTree = "<group>"; };
		FCB350DA1ACDEA250068DB28 /* Appearance.h */ = {isa = PBXFileReference; fileEncoding = 4; lastKnownFileType = sourcecode.c.h; path = Appearance.h; sourceTree = "<group>"; };
		FCB350DB1ACDEA250068DB28 /* Appearance.m */ = {isa = PBXFileReference; fileEncoding = 4; lastKnownFileType = sourcecode.c.objc; path = Appearance.m; sourceTree = "<group>"; };
		FCB350DE1ACDEB6B0068DB28 /* surf_gradient_textured_44.png */ = {isa = PBXFileReference; lastKnownFileType = image.png; path = surf_gradient_textured_44.png; sourceTree = "<group>"; };
		FCB350E01ACF1DDD0068DB28 /* CategoryCell.h */ = {isa = PBXFileReference; fileEncoding = 4; lastKnownFileType = sourcecode.c.h; path = CategoryCell.h; sourceTree = "<group>"; };
		FCB350E11ACF1DDD0068DB28 /* CategoryCell.m */ = {isa = PBXFileReference; fileEncoding = 4; lastKnownFileType = sourcecode.c.objc; path = CategoryCell.m; sourceTree = "<group>"; };
		FCB350E31ACF2BED0068DB28 /* HereNow.h */ = {isa = PBXFileReference; fileEncoding = 4; lastKnownFileType = sourcecode.c.h; path = HereNow.h; sourceTree = "<group>"; };
		FCB350E41ACF2BED0068DB28 /* HereNow.m */ = {isa = PBXFileReference; fileEncoding = 4; lastKnownFileType = sourcecode.c.objc; path = HereNow.m; sourceTree = "<group>"; };
		FCB350E61AD02DCC0068DB28 /* Menu.h */ = {isa = PBXFileReference; fileEncoding = 4; lastKnownFileType = sourcecode.c.h; path = Menu.h; sourceTree = "<group>"; };
		FCB350E71AD02DCC0068DB28 /* Menu.m */ = {isa = PBXFileReference; fileEncoding = 4; lastKnownFileType = sourcecode.c.objc; path = Menu.m; sourceTree = "<group>"; };
		FCCEB2FC1AC84E8800634876 /* RestaurantKit.app */ = {isa = PBXFileReference; explicitFileType = wrapper.application; includeInIndex = 0; path = RestaurantKit.app; sourceTree = BUILT_PRODUCTS_DIR; };
		FCCEB3001AC84E8800634876 /* Info.plist */ = {isa = PBXFileReference; lastKnownFileType = text.plist.xml; path = Info.plist; sourceTree = "<group>"; };
		FCCEB3011AC84E8800634876 /* main.m */ = {isa = PBXFileReference; lastKnownFileType = sourcecode.c.objc; path = main.m; sourceTree = "<group>"; };
		FCCEB30D1AC84E8800634876 /* Base */ = {isa = PBXFileReference; lastKnownFileType = file.storyboard; name = Base; path = Base.lproj/Main.storyboard; sourceTree = "<group>"; };
		FCCEB30F1AC84E8800634876 /* Images.xcassets */ = {isa = PBXFileReference; lastKnownFileType = folder.assetcatalog; path = Images.xcassets; sourceTree = "<group>"; };
		FCCEB3121AC84E8800634876 /* Base */ = {isa = PBXFileReference; lastKnownFileType = file.xib; name = Base; path = Base.lproj/LaunchScreen.xib; sourceTree = "<group>"; };
		FCCEB3181AC84E8800634876 /* RestaurantKitTests.xctest */ = {isa = PBXFileReference; explicitFileType = wrapper.cfbundle; includeInIndex = 0; path = RestaurantKitTests.xctest; sourceTree = BUILT_PRODUCTS_DIR; };
		FCCEB38F1AC88B9B00634876 /* RestaurantKitAppDelegate.h */ = {isa = PBXFileReference; fileEncoding = 4; lastKnownFileType = sourcecode.c.h; path = RestaurantKitAppDelegate.h; sourceTree = "<group>"; };
		FCCEB3901AC88B9B00634876 /* RestaurantKitAppDelegate.m */ = {isa = PBXFileReference; fileEncoding = 4; lastKnownFileType = sourcecode.c.objc; path = RestaurantKitAppDelegate.m; sourceTree = "<group>"; };
		FCCEB3951AC88BDA00634876 /* VenueCell.h */ = {isa = PBXFileReference; fileEncoding = 4; lastKnownFileType = sourcecode.c.h; path = VenueCell.h; sourceTree = "<group>"; };
		FCCEB3961AC88BDA00634876 /* VenueCell.m */ = {isa = PBXFileReference; fileEncoding = 4; lastKnownFileType = sourcecode.c.objc; path = VenueCell.m; sourceTree = "<group>"; };
		FCCEB3981AC88BE800634876 /* Location.h */ = {isa = PBXFileReference; fileEncoding = 4; lastKnownFileType = sourcecode.c.h; path = Location.h; sourceTree = "<group>"; };
		FCCEB3991AC88BE800634876 /* Location.m */ = {isa = PBXFileReference; fileEncoding = 4; lastKnownFileType = sourcecode.c.objc; path = Location.m; sourceTree = "<group>"; };
		FCCEB39A1AC88BE800634876 /* Stats.h */ = {isa = PBXFileReference; fileEncoding = 4; lastKnownFileType = sourcecode.c.h; path = Stats.h; sourceTree = "<group>"; };
		FCCEB39B1AC88BE800634876 /* Stats.m */ = {isa = PBXFileReference; fileEncoding = 4; lastKnownFileType = sourcecode.c.objc; path = Stats.m; sourceTree = "<group>"; };
		FCCEB39C1AC88BE800634876 /* Venue.h */ = {isa = PBXFileReference; fileEncoding = 4; lastKnownFileType = sourcecode.c.h; path = Venue.h; sourceTree = "<group>"; };
		FCCEB39D1AC88BE800634876 /* Venue.m */ = {isa = PBXFileReference; fileEncoding = 4; lastKnownFileType = sourcecode.c.objc; path = Venue.m; sourceTree = "<group>"; };
		FCCEB3A11AC88BF300634876 /* VenueViewController.h */ = {isa = PBXFileReference; fileEncoding = 4; lastKnownFileType = sourcecode.c.h; path = VenueViewController.h; sourceTree = "<group>"; };
		FCCEB3A21AC88BF300634876 /* VenueViewController.m */ = {isa = PBXFileReference; fileEncoding = 4; lastKnownFileType = sourcecode.c.objc; path = VenueViewController.m; sourceTree = "<group>"; };
		FCCEB3A41AC88CB600634876 /* RestKit.xcodeproj */ = {isa = PBXFileReference; lastKnownFileType = "wrapper.pb-project"; name = RestKit.xcodeproj; path = RestKit/RestKit.xcodeproj; sourceTree = "<group>"; };
		FCCEB3B61AC88CE800634876 /* CFNetwork.framework */ = {isa = PBXFileReference; lastKnownFileType = wrapper.framework; name = CFNetwork.framework; path = System/Library/Frameworks/CFNetwork.framework; sourceTree = SDKROOT; };
		FCCEB3B81AC88CE800634876 /* Security.framework */ = {isa = PBXFileReference; lastKnownFileType = wrapper.framework; name = Security.framework; path = System/Library/Frameworks/Security.framework; sourceTree = SDKROOT; };
		FCCEB3B91AC88CE800634876 /* SystemConfiguration.framework */ = {isa = PBXFileReference; lastKnownFileType = wrapper.framework; name = SystemConfiguration.framework; path = System/Library/Frameworks/SystemConfiguration.framework; sourceTree = SDKROOT; };
		FCCEB3BE1AC88D0900634876 /* CoreData.framework */ = {isa = PBXFileReference; lastKnownFileType = wrapper.framework; name = CoreData.framework; path = System/Library/Frameworks/CoreData.framework; sourceTree = SDKROOT; };
		FCCEB3BF1AC88D0900634876 /* MobileCoreServices.framework */ = {isa = PBXFileReference; lastKnownFileType = wrapper.framework; name = MobileCoreServices.framework; path = System/Library/Frameworks/MobileCoreServices.framework; sourceTree = SDKROOT; };
		FCCEB3C21AC88E3D00634876 /* RestaurantKit-Prefix.pch */ = {isa = PBXFileReference; fileEncoding = 4; lastKnownFileType = sourcecode.c.h; path = "RestaurantKit-Prefix.pch"; sourceTree = "<group>"; };
		FCFBF0C31AD832710055EA73 /* MapStyleViewController.h */ = {isa = PBXFileReference; fileEncoding = 4; lastKnownFileType = sourcecode.c.h; path = MapStyleViewController.h; sourceTree = "<group>"; };
		FCFBF0C41AD832710055EA73 /* MapStyleViewController.m */ = {isa = PBXFileReference; fileEncoding = 4; lastKnownFileType = sourcecode.c.objc; path = MapStyleViewController.m; sourceTree = "<group>"; };
		FCFBF1201ADC259B0055EA73 /* RestaurantKitTests.m */ = {isa = PBXFileReference; fileEncoding = 4; lastKnownFileType = sourcecode.c.objc; name = RestaurantKitTests.m; path = RestaurantKitTests/RestaurantKitTests.m; sourceTree = SOURCE_ROOT; };
		FCFBF1221ADC25AB0055EA73 /* Info.plist */ = {isa = PBXFileReference; fileEncoding = 4; lastKnownFileType = text.plist.xml; name = Info.plist; path = RestaurantKitTests/Info.plist; sourceTree = SOURCE_ROOT; };
/* End PBXFileReference section */

/* Begin PBXFrameworksBuildPhase section */
		FCCEB2F91AC84E8800634876 /* Frameworks */ = {
			isa = PBXFrameworksBuildPhase;
			buildActionMask = 2147483647;
			files = (
				FC2235881AD3089F00D0E827 /* CoreLocation.framework in Frameworks */,
				FC2235861AD1953E00D0E827 /* MapKit.framework in Frameworks */,
				FCB350C41ACAFDA30068DB28 /* Social.framework in Frameworks */,
				FCCEB3BA1AC88CE800634876 /* CFNetwork.framework in Frameworks */,
				FCCEB3C01AC88D0900634876 /* CoreData.framework in Frameworks */,
				FCCEB3C11AC88D0900634876 /* MobileCoreServices.framework in Frameworks */,
				FCCEB3BC1AC88CE800634876 /* Security.framework in Frameworks */,
				FCCEB3BD1AC88CE800634876 /* SystemConfiguration.framework in Frameworks */,
				FCCEB3B51AC88CCA00634876 /* libRestKit.a in Frameworks */,
			);
			runOnlyForDeploymentPostprocessing = 0;
		};
		FCCEB3151AC84E8800634876 /* Frameworks */ = {
			isa = PBXFrameworksBuildPhase;
			buildActionMask = 2147483647;
			files = (
			);
			runOnlyForDeploymentPostprocessing = 0;
		};
/* End PBXFrameworksBuildPhase section */

/* Begin PBXGroup section */
		FCB350D91ACDD43F0068DB28 /* Style */ = {
			isa = PBXGroup;
			children = (
				FCB350DA1ACDEA250068DB28 /* Appearance.h */,
				FCB350DB1ACDEA250068DB28 /* Appearance.m */,
			);
			name = Style;
			sourceTree = "<group>";
		};
		FCB350DD1ACDEB560068DB28 /* images */ = {
			isa = PBXGroup;
			children = (
				FCB350DE1ACDEB6B0068DB28 /* surf_gradient_textured_44.png */,
			);
			name = images;
			sourceTree = "<group>";
		};
		FCCEB2F31AC84E8800634876 = {
			isa = PBXGroup;
			children = (
				FCCEB3B61AC88CE800634876 /* CFNetwork.framework */,
				FCCEB3BE1AC88D0900634876 /* CoreData.framework */,
				FC2235871AD3089F00D0E827 /* CoreLocation.framework */,
				FC2235851AD1953E00D0E827 /* MapKit.framework */,
				FCCEB3BF1AC88D0900634876 /* MobileCoreServices.framework */,
				FCCEB3B81AC88CE800634876 /* Security.framework */,
				FCB350C31ACAFDA30068DB28 /* Social.framework */,
				FCCEB3B91AC88CE800634876 /* SystemConfiguration.framework */,
				FCCEB3A41AC88CB600634876 /* RestKit.xcodeproj */,
				FCCEB2FE1AC84E8800634876 /* RestaurantKit */,
				FCCEB31B1AC84E8800634876 /* RestaurantKitTests */,
				FCCEB2FD1AC84E8800634876 /* Products */,
			);
			sourceTree = "<group>";
		};
		FCCEB2FD1AC84E8800634876 /* Products */ = {
			isa = PBXGroup;
			children = (
				FCCEB2FC1AC84E8800634876 /* RestaurantKit.app */,
				FCCEB3181AC84E8800634876 /* RestaurantKitTests.xctest */,
			);
			name = Products;
			sourceTree = "<group>";
		};
		FCCEB2FE1AC84E8800634876 /* RestaurantKit */ = {
			isa = PBXGroup;
			children = (
				FCCEB3931AC88BB400634876 /* Controllers */,
				FCCEB3921AC88BAD00634876 /* Core */,
				FCCEB3941AC88BC200634876 /* Custom_UITableViewCell */,
				FCCEB30C1AC84E8800634876 /* Main.storyboard */,
				FCCEB30F1AC84E8800634876 /* Images.xcassets */,
				FCCEB3111AC84E8800634876 /* LaunchScreen.xib */,
				FCB350D91ACDD43F0068DB28 /* Style */,
				FCCEB2FF1AC84E8800634876 /* Supporting Files */,
			);
			name = RestaurantKit;
			path = CoffeeKit;
			sourceTree = "<group>";
		};
		FCCEB2FF1AC84E8800634876 /* Supporting Files */ = {
			isa = PBXGroup;
			children = (
				FCB350D21ACC6EC70068DB28 /* Categories.plist */,
				FCCEB3C21AC88E3D00634876 /* RestaurantKit-Prefix.pch */,
				FCCEB38F1AC88B9B00634876 /* RestaurantKitAppDelegate.h */,
				FCCEB3901AC88B9B00634876 /* RestaurantKitAppDelegate.m */,
				FCB350DD1ACDEB560068DB28 /* images */,
				FCCEB3001AC84E8800634876 /* Info.plist */,
				FCCEB3011AC84E8800634876 /* main.m */,
				FCB350C51ACB0BEC0068DB28 /* Preferences.h */,
				FCB350C61ACB0BEC0068DB28 /* Preferences.m */,
			);
			name = "Supporting Files";
			sourceTree = "<group>";
		};
		FCCEB31B1AC84E8800634876 /* RestaurantKitTests */ = {
			isa = PBXGroup;
			children = (
				FCFBF1201ADC259B0055EA73 /* RestaurantKitTests.m */,
				FCCEB31C1AC84E8800634876 /* Supporting Files */,
			);
			name = RestaurantKitTests;
			path = CoffeeKitTests;
			sourceTree = "<group>";
		};
		FCCEB31C1AC84E8800634876 /* Supporting Files */ = {
			isa = PBXGroup;
			children = (
				FCFBF1221ADC25AB0055EA73 /* Info.plist */,
			);
			name = "Supporting Files";
			sourceTree = "<group>";
		};
		FCCEB3921AC88BAD00634876 /* Core */ = {
			isa = PBXGroup;
			children = (
				FCB350D41ACD96ED0068DB28 /* Categories.h */,
				FCB350D51ACD96ED0068DB28 /* Categories.m */,
				FCB350BD1AC9F0B00068DB28 /* Contact.h */,
				FCB350BE1AC9F0B00068DB28 /* Contact.m */,
				FCB350E31ACF2BED0068DB28 /* HereNow.h */,
				FCB350E41ACF2BED0068DB28 /* HereNow.m */,
				FCCEB3981AC88BE800634876 /* Location.h */,
				FCCEB3991AC88BE800634876 /* Location.m */,
				FCB350E61AD02DCC0068DB28 /* Menu.h */,
				FCB350E71AD02DCC0068DB28 /* Menu.m */,
				FCCEB39A1AC88BE800634876 /* Stats.h */,
				FCCEB39B1AC88BE800634876 /* Stats.m */,
				FCCEB39C1AC88BE800634876 /* Venue.h */,
				FCCEB39D1AC88BE800634876 /* Venue.m */,
			);
			name = Core;
			sourceTree = "<group>";
		};
		FCCEB3931AC88BB400634876 /* Controllers */ = {
			isa = PBXGroup;
			children = (
				FCB350CC1ACC6CF40068DB28 /* CategoryTableViewController.h */,
				FCB350CD1ACC6CF40068DB28 /* CategoryTableViewController.m */,
				FCFBF0C31AD832710055EA73 /* MapStyleViewController.h */,
				FCFBF0C41AD832710055EA73 /* MapStyleViewController.m */,
				FCCEB3A11AC88BF300634876 /* VenueViewController.h */,
				FCCEB3A21AC88BF300634876 /* VenueViewController.m */,
				FCB350BA1AC9D0720068DB28 /* VenueDetailsViewController.h */,
				FCB350BB1AC9D0720068DB28 /* VenueDetailsViewController.m */,
				FC22357F1AD193B500D0E827 /* VenueMapViewController.h */,
				FC2235801AD193B500D0E827 /* VenueMapViewController.m */,
				FCB350C01ACAE02A0068DB28 /* WebPageViewController.h */,
				FCB350C11ACAE02A0068DB28 /* WebPageViewController.m */,
			);
			name = Controllers;
			sourceTree = "<group>";
		};
		FCCEB3941AC88BC200634876 /* Custom_UITableViewCell */ = {
			isa = PBXGroup;
			children = (
				FCB350E01ACF1DDD0068DB28 /* CategoryCell.h */,
				FCB350E11ACF1DDD0068DB28 /* CategoryCell.m */,
				FCCEB3951AC88BDA00634876 /* VenueCell.h */,
				FCCEB3961AC88BDA00634876 /* VenueCell.m */,
			);
			name = Custom_UITableViewCell;
			sourceTree = "<group>";
		};
		FCCEB3A51AC88CB600634876 /* Products */ = {
			isa = PBXGroup;
			children = (
				FCCEB3AC1AC88CB600634876 /* libRestKit.a */,
				FCCEB3AE1AC88CB600634876 /* RestKitTests.xctest */,
				FCCEB3B01AC88CB600634876 /* RestKit.framework */,
				FCCEB3B21AC88CB600634876 /* RestKitFrameworkTests.xctest */,
			);
			name = Products;
			sourceTree = "<group>";
		};
/* End PBXGroup section */

/* Begin PBXNativeTarget section */
		FCCEB2FB1AC84E8800634876 /* RestaurantKit */ = {
			isa = PBXNativeTarget;
			buildConfigurationList = FCCEB3221AC84E8800634876 /* Build configuration list for PBXNativeTarget "RestaurantKit" */;
			buildPhases = (
				FCCEB2F81AC84E8800634876 /* Sources */,
				FCCEB2F91AC84E8800634876 /* Frameworks */,
				FCCEB2FA1AC84E8800634876 /* Resources */,
			);
			buildRules = (
			);
			dependencies = (
				FCCEB3B41AC88CC200634876 /* PBXTargetDependency */,
			);
			name = RestaurantKit;
			productName = CoffeeKit;
			productReference = FCCEB2FC1AC84E8800634876 /* RestaurantKit.app */;
			productType = "com.apple.product-type.application";
		};
		FCCEB3171AC84E8800634876 /* RestaurantKitTests */ = {
			isa = PBXNativeTarget;
			buildConfigurationList = FCCEB3251AC84E8800634876 /* Build configuration list for PBXNativeTarget "RestaurantKitTests" */;
			buildPhases = (
				FCCEB3141AC84E8800634876 /* Sources */,
				FCCEB3151AC84E8800634876 /* Frameworks */,
				FCCEB3161AC84E8800634876 /* Resources */,
			);
			buildRules = (
			);
			dependencies = (
				FCCEB31A1AC84E8800634876 /* PBXTargetDependency */,
			);
			name = RestaurantKitTests;
			productName = CoffeeKitTests;
			productReference = FCCEB3181AC84E8800634876 /* RestaurantKitTests.xctest */;
			productType = "com.apple.product-type.bundle.unit-test";
		};
/* End PBXNativeTarget section */

/* Begin PBXProject section */
		FCCEB2F41AC84E8800634876 /* Project object */ = {
			isa = PBXProject;
			attributes = {
				LastUpgradeCheck = 0620;
				ORGANIZATIONNAME = "Rahul Nadella";
				TargetAttributes = {
					FCCEB2FB1AC84E8800634876 = {
						CreatedOnToolsVersion = 6.2;
					};
					FCCEB3171AC84E8800634876 = {
						CreatedOnToolsVersion = 6.2;
						TestTargetID = FCCEB2FB1AC84E8800634876;
					};
				};
			};
			buildConfigurationList = FCCEB2F71AC84E8800634876 /* Build configuration list for PBXProject "RestaurantKit" */;
			compatibilityVersion = "Xcode 3.2";
			developmentRegion = English;
			hasScannedForEncodings = 0;
			knownRegions = (
				en,
				Base,
			);
			mainGroup = FCCEB2F31AC84E8800634876;
			productRefGroup = FCCEB2FD1AC84E8800634876 /* Products */;
			projectDirPath = "";
			projectReferences = (
				{
					ProductGroup = FCCEB3A51AC88CB600634876 /* Products */;
					ProjectRef = FCCEB3A41AC88CB600634876 /* RestKit.xcodeproj */;
				},
			);
			projectRoot = "";
			targets = (
				FCCEB2FB1AC84E8800634876 /* RestaurantKit */,
				FCCEB3171AC84E8800634876 /* RestaurantKitTests */,
			);
		};
/* End PBXProject section */

/* Begin PBXReferenceProxy section */
		FCCEB3AC1AC88CB600634876 /* libRestKit.a */ = {
			isa = PBXReferenceProxy;
			fileType = archive.ar;
			path = libRestKit.a;
			remoteRef = FCCEB3AB1AC88CB600634876 /* PBXContainerItemProxy */;
			sourceTree = BUILT_PRODUCTS_DIR;
		};
		FCCEB3AE1AC88CB600634876 /* RestKitTests.xctest */ = {
			isa = PBXReferenceProxy;
			fileType = wrapper.cfbundle;
			path = RestKitTests.xctest;
			remoteRef = FCCEB3AD1AC88CB600634876 /* PBXContainerItemProxy */;
			sourceTree = BUILT_PRODUCTS_DIR;
		};
		FCCEB3B01AC88CB600634876 /* RestKit.framework */ = {
			isa = PBXReferenceProxy;
			fileType = wrapper.framework;
			path = RestKit.framework;
			remoteRef = FCCEB3AF1AC88CB600634876 /* PBXContainerItemProxy */;
			sourceTree = BUILT_PRODUCTS_DIR;
		};
		FCCEB3B21AC88CB600634876 /* RestKitFrameworkTests.xctest */ = {
			isa = PBXReferenceProxy;
			fileType = wrapper.cfbundle;
			path = RestKitFrameworkTests.xctest;
			remoteRef = FCCEB3B11AC88CB600634876 /* PBXContainerItemProxy */;
			sourceTree = BUILT_PRODUCTS_DIR;
		};
/* End PBXReferenceProxy section */

/* Begin PBXResourcesBuildPhase section */
		FCCEB2FA1AC84E8800634876 /* Resources */ = {
			isa = PBXResourcesBuildPhase;
			buildActionMask = 2147483647;
			files = (
				FCB350D31ACC6EC70068DB28 /* Categories.plist in Resources */,
				FCCEB30E1AC84E8800634876 /* Main.storyboard in Resources */,
				FCCEB3131AC84E8800634876 /* LaunchScreen.xib in Resources */,
				FCCEB3101AC84E8800634876 /* Images.xcassets in Resources */,
				FCB350DF1ACDEB6B0068DB28 /* surf_gradient_textured_44.png in Resources */,
			);
			runOnlyForDeploymentPostprocessing = 0;
		};
		FCCEB3161AC84E8800634876 /* Resources */ = {
			isa = PBXResourcesBuildPhase;
			buildActionMask = 2147483647;
			files = (
			);
			runOnlyForDeploymentPostprocessing = 0;
		};
/* End PBXResourcesBuildPhase section */

/* Begin PBXSourcesBuildPhase section */
		FCCEB2F81AC84E8800634876 /* Sources */ = {
			isa = PBXSourcesBuildPhase;
			buildActionMask = 2147483647;
			files = (
				FCB350C21ACAE02A0068DB28 /* WebPageViewController.m in Sources */,
				FCB350E21ACF1DDD0068DB28 /* CategoryCell.m in Sources */,
				FCB350E81AD02DCC0068DB28 /* Menu.m in Sources */,
				FCB350CE1ACC6CF40068DB28 /* CategoryTableViewController.m in Sources */,
				FCCEB39F1AC88BE800634876 /* Stats.m in Sources */,
				FCCEB3911AC88B9B00634876 /* RestaurantKitAppDelegate.m in Sources */,
				FCCEB3971AC88BDA00634876 /* VenueCell.m in Sources */,
				FC2235811AD193B500D0E827 /* VenueMapViewController.m in Sources */,
				FCCEB3A01AC88BE800634876 /* Venue.m in Sources */,
				FCB350E51ACF2BED0068DB28 /* HereNow.m in Sources */,
				FCCEB39E1AC88BE800634876 /* Location.m in Sources */,
				FCCEB3021AC84E8800634876 /* main.m in Sources */,
				FCCEB3A31AC88BF300634876 /* VenueViewController.m in Sources */,
				FCFBF0C51AD832710055EA73 /* MapStyleViewController.m in Sources */,
				FCB350BF1AC9F0B00068DB28 /* Contact.m in Sources */,
				FCB350BC1AC9D0720068DB28 /* VenueDetailsViewController.m in Sources */,
				FCB350D61ACD96ED0068DB28 /* Categories.m in Sources */,
				FCB350C71ACB0BEC0068DB28 /* Preferences.m in Sources */,
				FCB350DC1ACDEA250068DB28 /* Appearance.m in Sources */,
			);
			runOnlyForDeploymentPostprocessing = 0;
		};
		FCCEB3141AC84E8800634876 /* Sources */ = {
			isa = PBXSourcesBuildPhase;
			buildActionMask = 2147483647;
			files = (
				FCFBF1211ADC259B0055EA73 /* RestaurantKitTests.m in Sources */,
			);
			runOnlyForDeploymentPostprocessing = 0;
		};
/* End PBXSourcesBuildPhase section */

/* Begin PBXTargetDependency section */
		FCCEB31A1AC84E8800634876 /* PBXTargetDependency */ = {
			isa = PBXTargetDependency;
			target = FCCEB2FB1AC84E8800634876 /* RestaurantKit */;
			targetProxy = FCCEB3191AC84E8800634876 /* PBXContainerItemProxy */;
		};
		FCCEB3B41AC88CC200634876 /* PBXTargetDependency */ = {
			isa = PBXTargetDependency;
			name = RestKit;
			targetProxy = FCCEB3B31AC88CC200634876 /* PBXContainerItemProxy */;
		};
/* End PBXTargetDependency section */

/* Begin PBXVariantGroup section */
		FCCEB30C1AC84E8800634876 /* Main.storyboard */ = {
			isa = PBXVariantGroup;
			children = (
				FCCEB30D1AC84E8800634876 /* Base */,
			);
			name = Main.storyboard;
			sourceTree = "<group>";
		};
		FCCEB3111AC84E8800634876 /* LaunchScreen.xib */ = {
			isa = PBXVariantGroup;
			children = (
				FCCEB3121AC84E8800634876 /* Base */,
			);
			name = LaunchScreen.xib;
			sourceTree = "<group>";
		};
/* End PBXVariantGroup section */

/* Begin XCBuildConfiguration section */
		FCCEB3201AC84E8800634876 /* Debug */ = {
			isa = XCBuildConfiguration;
			buildSettings = {
				ALWAYS_SEARCH_USER_PATHS = NO;
				CLANG_CXX_LANGUAGE_STANDARD = "gnu++0x";
				CLANG_CXX_LIBRARY = "libc++";
				CLANG_ENABLE_MODULES = YES;
				CLANG_ENABLE_OBJC_ARC = YES;
				CLANG_WARN_BOOL_CONVERSION = YES;
				CLANG_WARN_CONSTANT_CONVERSION = YES;
				CLANG_WARN_DIRECT_OBJC_ISA_USAGE = YES_ERROR;
				CLANG_WARN_EMPTY_BODY = YES;
				CLANG_WARN_ENUM_CONVERSION = YES;
				CLANG_WARN_INT_CONVERSION = YES;
				CLANG_WARN_OBJC_ROOT_CLASS = YES_ERROR;
				CLANG_WARN_UNREACHABLE_CODE = YES;
				CLANG_WARN__DUPLICATE_METHOD_MATCH = YES;
				"CODE_SIGN_IDENTITY[sdk=iphoneos*]" = "iPhone Developer";
				COPY_PHASE_STRIP = NO;
				ENABLE_STRICT_OBJC_MSGSEND = YES;
				GCC_C_LANGUAGE_STANDARD = gnu99;
				GCC_DYNAMIC_NO_PIC = NO;
				GCC_OPTIMIZATION_LEVEL = 0;
				GCC_PREPROCESSOR_DEFINITIONS = (
					"DEBUG=1",
					"$(inherited)",
				);
				GCC_SYMBOLS_PRIVATE_EXTERN = NO;
				GCC_WARN_64_TO_32_BIT_CONVERSION = YES;
				GCC_WARN_ABOUT_RETURN_TYPE = YES_ERROR;
				GCC_WARN_UNDECLARED_SELECTOR = YES;
				GCC_WARN_UNINITIALIZED_AUTOS = YES_AGGRESSIVE;
				GCC_WARN_UNUSED_FUNCTION = YES;
				GCC_WARN_UNUSED_VARIABLE = YES;
				IPHONEOS_DEPLOYMENT_TARGET = 8.2;
				MTL_ENABLE_DEBUG_INFO = YES;
				ONLY_ACTIVE_ARCH = YES;
				SDKROOT = iphoneos;
			};
			name = Debug;
		};
		FCCEB3211AC84E8800634876 /* Release */ = {
			isa = XCBuildConfiguration;
			buildSettings = {
				ALWAYS_SEARCH_USER_PATHS = NO;
				CLANG_CXX_LANGUAGE_STANDARD = "gnu++0x";
				CLANG_CXX_LIBRARY = "libc++";
				CLANG_ENABLE_MODULES = YES;
				CLANG_ENABLE_OBJC_ARC = YES;
				CLANG_WARN_BOOL_CONVERSION = YES;
				CLANG_WARN_CONSTANT_CONVERSION = YES;
				CLANG_WARN_DIRECT_OBJC_ISA_USAGE = YES_ERROR;
				CLANG_WARN_EMPTY_BODY = YES;
				CLANG_WARN_ENUM_CONVERSION = YES;
				CLANG_WARN_INT_CONVERSION = YES;
				CLANG_WARN_OBJC_ROOT_CLASS = YES_ERROR;
				CLANG_WARN_UNREACHABLE_CODE = YES;
				CLANG_WARN__DUPLICATE_METHOD_MATCH = YES;
				"CODE_SIGN_IDENTITY[sdk=iphoneos*]" = "iPhone Developer";
				COPY_PHASE_STRIP = NO;
				ENABLE_NS_ASSERTIONS = NO;
				ENABLE_STRICT_OBJC_MSGSEND = YES;
				GCC_C_LANGUAGE_STANDARD = gnu99;
				GCC_WARN_64_TO_32_BIT_CONVERSION = YES;
				GCC_WARN_ABOUT_RETURN_TYPE = YES_ERROR;
				GCC_WARN_UNDECLARED_SELECTOR = YES;
				GCC_WARN_UNINITIALIZED_AUTOS = YES_AGGRESSIVE;
				GCC_WARN_UNUSED_FUNCTION = YES;
				GCC_WARN_UNUSED_VARIABLE = YES;
				IPHONEOS_DEPLOYMENT_TARGET = 8.2;
				MTL_ENABLE_DEBUG_INFO = NO;
				SDKROOT = iphoneos;
				VALIDATE_PRODUCT = YES;
			};
			name = Release;
		};
		FCCEB3231AC84E8800634876 /* Debug */ = {
			isa = XCBuildConfiguration;
			buildSettings = {
				ASSETCATALOG_COMPILER_APPICON_NAME = AppIcon;
				GCC_PREFIX_HEADER = "$(SRCROOT)/CoffeeKit/RestaurantKit-Prefix.pch";
				HEADER_SEARCH_PATHS = (
					"$(inherited)",
					/Applications/Xcode.app/Contents/Developer/Toolchains/XcodeDefault.xctoolchain/usr/include,
					"\"$(BUILT_PRODUCTS_DIR)/../../Headers\"",
				);
				INFOPLIST_FILE = CoffeeKit/Info.plist;
				LD_RUNPATH_SEARCH_PATHS = "$(inherited) @executable_path/Frameworks";
				OTHER_LDFLAGS = "-ObjC";
				PRODUCT_NAME = RestaurantKit;
			};
			name = Debug;
		};
		FCCEB3241AC84E8800634876 /* Release */ = {
			isa = XCBuildConfiguration;
			buildSettings = {
				ASSETCATALOG_COMPILER_APPICON_NAME = AppIcon;
				GCC_PREFIX_HEADER = "$(SRCROOT)/CoffeeKit/RestaurantKit-Prefix.pch";
				HEADER_SEARCH_PATHS = (
					"$(inherited)",
					/Applications/Xcode.app/Contents/Developer/Toolchains/XcodeDefault.xctoolchain/usr/include,
					"\"$(BUILT_PRODUCTS_DIR)/../../Headers\"",
				);
				INFOPLIST_FILE = CoffeeKit/Info.plist;
				LD_RUNPATH_SEARCH_PATHS = "$(inherited) @executable_path/Frameworks";
				OTHER_LDFLAGS = "-ObjC";
				PRODUCT_NAME = RestaurantKit;
			};
			name = Release;
		};
		FCCEB3261AC84E8800634876 /* Debug */ = {
			isa = XCBuildConfiguration;
			buildSettings = {
				BUNDLE_LOADER = "$(TEST_HOST)";
				FRAMEWORK_SEARCH_PATHS = (
					"$(SDKROOT)/Developer/Library/Frameworks",
					"$(inherited)",
				);
				GCC_PREPROCESSOR_DEFINITIONS = (
					"DEBUG=1",
					"$(inherited)",
				);
				INFOPLIST_FILE = RestaurantKitTests/Info.plist;
				LD_RUNPATH_SEARCH_PATHS = "$(inherited) @executable_path/Frameworks @loader_path/Frameworks";
				PRODUCT_NAME = RestaurantKitTests;
				TEST_HOST = "$(BUILT_PRODUCTS_DIR)/CoffeeKit.app/CoffeeKit";
			};
			name = Debug;
		};
		FCCEB3271AC84E8800634876 /* Release */ = {
			isa = XCBuildConfiguration;
			buildSettings = {
				BUNDLE_LOADER = "$(TEST_HOST)";
				FRAMEWORK_SEARCH_PATHS = (
					"$(SDKROOT)/Developer/Library/Frameworks",
					"$(inherited)",
				);
				INFOPLIST_FILE = RestaurantKitTests/Info.plist;
				LD_RUNPATH_SEARCH_PATHS = "$(inherited) @executable_path/Frameworks @loader_path/Frameworks";
				PRODUCT_NAME = RestaurantKitTests;
				TEST_HOST = "$(BUILT_PRODUCTS_DIR)/CoffeeKit.app/CoffeeKit";
			};
			name = Release;
		};
/* End XCBuildConfiguration section */

/* Begin XCConfigurationList section */
		FCCEB2F71AC84E8800634876 /* Build configuration list for PBXProject "RestaurantKit" */ = {
			isa = XCConfigurationList;
			buildConfigurations = (
				FCCEB3201AC84E8800634876 /* Debug */,
				FCCEB3211AC84E8800634876 /* Release */,
			);
			defaultConfigurationIsVisible = 0;
			defaultConfigurationName = Release;
		};
		FCCEB3221AC84E8800634876 /* Build configuration list for PBXNativeTarget "RestaurantKit" */ = {
			isa = XCConfigurationList;
			buildConfigurations = (
				FCCEB3231AC84E8800634876 /* Debug */,
				FCCEB3241AC84E8800634876 /* Release */,
			);
			defaultConfigurationIsVisible = 0;
			defaultConfigurationName = Release;
		};
		FCCEB3251AC84E8800634876 /* Build configuration list for PBXNativeTarget "RestaurantKitTests" */ = {
			isa = XCConfigurationList;
			buildConfigurations = (
				FCCEB3261AC84E8800634876 /* Debug */,
				FCCEB3271AC84E8800634876 /* Release */,
			);
			defaultConfigurationIsVisible = 0;
			defaultConfigurationName = Release;
		};
/* End XCConfigurationList section */
	};
	rootObject = FCCEB2F41AC84E8800634876 /* Project object */;
}
