// !$*UTF8*$!
{
	archiveVersion = 1;
	classes = {
	};
	objectVersion = 46;
	objects = {

/* Begin PBXBuildFile section */
		221C61F4957B0CCDE734BB86 /* libPods.a in Frameworks */ = {isa = PBXBuildFile; fileRef = D0A3356CC65406ED554CC112 /* libPods.a */; };
		FC2235861AD1953E00D0E827 /* MapKit.framework in Frameworks */ = {isa = PBXBuildFile; fileRef = FC2235851AD1953E00D0E827 /* MapKit.framework */; };
		FC2235881AD3089F00D0E827 /* CoreLocation.framework in Frameworks */ = {isa = PBXBuildFile; fileRef = FC2235871AD3089F00D0E827 /* CoreLocation.framework */; };
		FC5855031ADC4EFD00D4EB3F /* Appearance.m in Sources */ = {isa = PBXBuildFile; fileRef = FC5855021ADC4EFD00D4EB3F /* Appearance.m */; };
		FC5855051ADC4F1100D4EB3F /* Categories.plist in Resources */ = {isa = PBXBuildFile; fileRef = FC5855041ADC4F1100D4EB3F /* Categories.plist */; };
		FC5855091ADC4F2700D4EB3F /* RestaurantKitAppDelegate.m in Sources */ = {isa = PBXBuildFile; fileRef = FC5855081ADC4F2700D4EB3F /* RestaurantKitAppDelegate.m */; };
		FC58550F1ADC4F3E00D4EB3F /* main.m in Sources */ = {isa = PBXBuildFile; fileRef = FC58550B1ADC4F3E00D4EB3F /* main.m */; };
		FC5855101ADC4F3E00D4EB3F /* Preferences.m in Sources */ = {isa = PBXBuildFile; fileRef = FC58550D1ADC4F3E00D4EB3F /* Preferences.m */; };
		FC5855121ADC4F5A00D4EB3F /* surf_gradient_textured_44.png in Resources */ = {isa = PBXBuildFile; fileRef = FC5855111ADC4F5A00D4EB3F /* surf_gradient_textured_44.png */; };
		FC58551F1ADC4F9400D4EB3F /* CategoryTableViewController.m in Sources */ = {isa = PBXBuildFile; fileRef = FC5855141ADC4F9400D4EB3F /* CategoryTableViewController.m */; };
		FC5855201ADC4F9400D4EB3F /* MapStyleViewController.m in Sources */ = {isa = PBXBuildFile; fileRef = FC5855161ADC4F9400D4EB3F /* MapStyleViewController.m */; };
		FC5855211ADC4F9400D4EB3F /* VenueDetailsViewController.m in Sources */ = {isa = PBXBuildFile; fileRef = FC5855181ADC4F9400D4EB3F /* VenueDetailsViewController.m */; };
		FC5855221ADC4F9400D4EB3F /* VenueMapViewController.m in Sources */ = {isa = PBXBuildFile; fileRef = FC58551A1ADC4F9400D4EB3F /* VenueMapViewController.m */; };
		FC5855231ADC4F9400D4EB3F /* VenueViewController.m in Sources */ = {isa = PBXBuildFile; fileRef = FC58551C1ADC4F9400D4EB3F /* VenueViewController.m */; };
		FC5855241ADC4F9400D4EB3F /* WebPageViewController.m in Sources */ = {isa = PBXBuildFile; fileRef = FC58551E1ADC4F9400D4EB3F /* WebPageViewController.m */; };
		FC5855331ADC4FC800D4EB3F /* Categories.m in Sources */ = {isa = PBXBuildFile; fileRef = FC5855261ADC4FC800D4EB3F /* Categories.m */; };
		FC5855341ADC4FC800D4EB3F /* Contact.m in Sources */ = {isa = PBXBuildFile; fileRef = FC5855281ADC4FC800D4EB3F /* Contact.m */; };
		FC5855351ADC4FC800D4EB3F /* HereNow.m in Sources */ = {isa = PBXBuildFile; fileRef = FC58552A1ADC4FC800D4EB3F /* HereNow.m */; };
		FC5855361ADC4FC800D4EB3F /* Location.m in Sources */ = {isa = PBXBuildFile; fileRef = FC58552C1ADC4FC800D4EB3F /* Location.m */; };
		FC5855371ADC4FC800D4EB3F /* Menu.m in Sources */ = {isa = PBXBuildFile; fileRef = FC58552E1ADC4FC800D4EB3F /* Menu.m */; };
		FC5855381ADC4FC800D4EB3F /* Stats.m in Sources */ = {isa = PBXBuildFile; fileRef = FC5855301ADC4FC800D4EB3F /* Stats.m */; };
		FC5855391ADC4FC800D4EB3F /* Venue.m in Sources */ = {isa = PBXBuildFile; fileRef = FC5855321ADC4FC800D4EB3F /* Venue.m */; };
		FC58553E1ADC4FF500D4EB3F /* CategoryCell.m in Sources */ = {isa = PBXBuildFile; fileRef = FC58553B1ADC4FF500D4EB3F /* CategoryCell.m */; };
		FC58553F1ADC4FF500D4EB3F /* VenueCell.m in Sources */ = {isa = PBXBuildFile; fileRef = FC58553D1ADC4FF500D4EB3F /* VenueCell.m */; };
		FC5855411ADC501000D4EB3F /* Images.xcassets in Resources */ = {isa = PBXBuildFile; fileRef = FC5855401ADC501000D4EB3F /* Images.xcassets */; };
		FC5855461ADC506700D4EB3F /* LaunchScreen.xib in Resources */ = {isa = PBXBuildFile; fileRef = FC5855421ADC506700D4EB3F /* LaunchScreen.xib */; };
		FC5855471ADC506700D4EB3F /* Main.storyboard in Resources */ = {isa = PBXBuildFile; fileRef = FC5855441ADC506700D4EB3F /* Main.storyboard */; };
		FC96BA0F1AEA92380003ECC3 /* Hours.m in Sources */ = {isa = PBXBuildFile; fileRef = FC96BA0E1AEA92380003ECC3 /* Hours.m */; };
		FC96BA121AEA92AD0003ECC3 /* TimeFrame.m in Sources */ = {isa = PBXBuildFile; fileRef = FC96BA111AEA92AD0003ECC3 /* TimeFrame.m */; };
		FC96BA151AEABCEB0003ECC3 /* Price.m in Sources */ = {isa = PBXBuildFile; fileRef = FC96BA141AEABCEB0003ECC3 /* Price.m */; };
		FC96BA181AEAE2220003ECC3 /* Photo.m in Sources */ = {isa = PBXBuildFile; fileRef = FC96BA171AEAE2220003ECC3 /* Photo.m */; };
		FCB350C41ACAFDA30068DB28 /* Social.framework in Frameworks */ = {isa = PBXBuildFile; fileRef = FCB350C31ACAFDA30068DB28 /* Social.framework */; };
		FCCEB3BA1AC88CE800634876 /* CFNetwork.framework in Frameworks */ = {isa = PBXBuildFile; fileRef = FCCEB3B61AC88CE800634876 /* CFNetwork.framework */; };
		FCCEB3BC1AC88CE800634876 /* Security.framework in Frameworks */ = {isa = PBXBuildFile; fileRef = FCCEB3B81AC88CE800634876 /* Security.framework */; };
		FCCEB3BD1AC88CE800634876 /* SystemConfiguration.framework in Frameworks */ = {isa = PBXBuildFile; fileRef = FCCEB3B91AC88CE800634876 /* SystemConfiguration.framework */; };
		FCCEB3C01AC88D0900634876 /* CoreData.framework in Frameworks */ = {isa = PBXBuildFile; fileRef = FCCEB3BE1AC88D0900634876 /* CoreData.framework */; };
		FCCEB3C11AC88D0900634876 /* MobileCoreServices.framework in Frameworks */ = {isa = PBXBuildFile; fileRef = FCCEB3BF1AC88D0900634876 /* MobileCoreServices.framework */; };
		FCFBF1211ADC259B0055EA73 /* RestaurantKitTests.m in Sources */ = {isa = PBXBuildFile; fileRef = FCFBF1201ADC259B0055EA73 /* RestaurantKitTests.m */; };
/* End PBXBuildFile section */

/* Begin PBXContainerItemProxy section */
		FCCEB3191AC84E8800634876 /* PBXContainerItemProxy */ = {
			isa = PBXContainerItemProxy;
			containerPortal = FCCEB2F41AC84E8800634876 /* Project object */;
			proxyType = 1;
			remoteGlobalIDString = FCCEB2FB1AC84E8800634876;
			remoteInfo = CoffeeKit;
		};
/* End PBXContainerItemProxy section */

/* Begin PBXFileReference section */
		A0459C455E011348F3BE76FD /* Pods.debug.xcconfig */ = {isa = PBXFileReference; includeInIndex = 1; lastKnownFileType = text.xcconfig; name = Pods.debug.xcconfig; path = "Pods/Target Support Files/Pods/Pods.debug.xcconfig"; sourceTree = "<group>"; };
		A11E4AE9B760A360996C2E8A /* Pods.release.xcconfig */ = {isa = PBXFileReference; includeInIndex = 1; lastKnownFileType = text.xcconfig; name = Pods.release.xcconfig; path = "Pods/Target Support Files/Pods/Pods.release.xcconfig"; sourceTree = "<group>"; };
		D0A3356CC65406ED554CC112 /* libPods.a */ = {isa = PBXFileReference; explicitFileType = archive.ar; includeInIndex = 0; path = libPods.a; sourceTree = BUILT_PRODUCTS_DIR; };
		FC2235851AD1953E00D0E827 /* MapKit.framework */ = {isa = PBXFileReference; lastKnownFileType = wrapper.framework; name = MapKit.framework; path = System/Library/Frameworks/MapKit.framework; sourceTree = SDKROOT; };
		FC2235871AD3089F00D0E827 /* CoreLocation.framework */ = {isa = PBXFileReference; lastKnownFileType = wrapper.framework; name = CoreLocation.framework; path = System/Library/Frameworks/CoreLocation.framework; sourceTree = SDKROOT; };
		FC5855011ADC4EFD00D4EB3F /* Appearance.h */ = {isa = PBXFileReference; fileEncoding = 4; lastKnownFileType = sourcecode.c.h; name = Appearance.h; path = RestaurantKit/Appearance.h; sourceTree = SOURCE_ROOT; };
		FC5855021ADC4EFD00D4EB3F /* Appearance.m */ = {isa = PBXFileReference; fileEncoding = 4; lastKnownFileType = sourcecode.c.objc; name = Appearance.m; path = RestaurantKit/Appearance.m; sourceTree = SOURCE_ROOT; };
		FC5855041ADC4F1100D4EB3F /* Categories.plist */ = {isa = PBXFileReference; lastKnownFileType = text.plist; name = Categories.plist; path = RestaurantKit/Categories.plist; sourceTree = SOURCE_ROOT; };
		FC5855061ADC4F2700D4EB3F /* RestaurantKit-Prefix.pch */ = {isa = PBXFileReference; fileEncoding = 4; lastKnownFileType = sourcecode.c.h; name = "RestaurantKit-Prefix.pch"; path = "RestaurantKit/RestaurantKit-Prefix.pch"; sourceTree = SOURCE_ROOT; };
		FC5855071ADC4F2700D4EB3F /* RestaurantKitAppDelegate.h */ = {isa = PBXFileReference; fileEncoding = 4; lastKnownFileType = sourcecode.c.h; name = RestaurantKitAppDelegate.h; path = RestaurantKit/RestaurantKitAppDelegate.h; sourceTree = SOURCE_ROOT; };
		FC5855081ADC4F2700D4EB3F /* RestaurantKitAppDelegate.m */ = {isa = PBXFileReference; fileEncoding = 4; lastKnownFileType = sourcecode.c.objc; name = RestaurantKitAppDelegate.m; path = RestaurantKit/RestaurantKitAppDelegate.m; sourceTree = SOURCE_ROOT; };
		FC58550A1ADC4F3E00D4EB3F /* Info.plist */ = {isa = PBXFileReference; fileEncoding = 4; lastKnownFileType = text.plist.xml; name = Info.plist; path = RestaurantKit/Info.plist; sourceTree = SOURCE_ROOT; };
		FC58550B1ADC4F3E00D4EB3F /* main.m */ = {isa = PBXFileReference; fileEncoding = 4; lastKnownFileType = sourcecode.c.objc; name = main.m; path = RestaurantKit/main.m; sourceTree = SOURCE_ROOT; };
		FC58550C1ADC4F3E00D4EB3F /* Preferences.h */ = {isa = PBXFileReference; fileEncoding = 4; lastKnownFileType = sourcecode.c.h; name = Preferences.h; path = RestaurantKit/Preferences.h; sourceTree = SOURCE_ROOT; };
		FC58550D1ADC4F3E00D4EB3F /* Preferences.m */ = {isa = PBXFileReference; fileEncoding = 4; lastKnownFileType = sourcecode.c.objc; name = Preferences.m; path = RestaurantKit/Preferences.m; sourceTree = SOURCE_ROOT; };
		FC5855111ADC4F5A00D4EB3F /* surf_gradient_textured_44.png */ = {isa = PBXFileReference; lastKnownFileType = image.png; name = surf_gradient_textured_44.png; path = RestaurantKit/surf_gradient_textured_44.png; sourceTree = SOURCE_ROOT; };
		FC5855131ADC4F9400D4EB3F /* CategoryTableViewController.h */ = {isa = PBXFileReference; fileEncoding = 4; lastKnownFileType = sourcecode.c.h; name = CategoryTableViewController.h; path = RestaurantKit/CategoryTableViewController.h; sourceTree = SOURCE_ROOT; };
		FC5855141ADC4F9400D4EB3F /* CategoryTableViewController.m */ = {isa = PBXFileReference; fileEncoding = 4; lastKnownFileType = sourcecode.c.objc; name = CategoryTableViewController.m; path = RestaurantKit/CategoryTableViewController.m; sourceTree = SOURCE_ROOT; };
		FC5855151ADC4F9400D4EB3F /* MapStyleViewController.h */ = {isa = PBXFileReference; fileEncoding = 4; lastKnownFileType = sourcecode.c.h; name = MapStyleViewController.h; path = RestaurantKit/MapStyleViewController.h; sourceTree = SOURCE_ROOT; };
		FC5855161ADC4F9400D4EB3F /* MapStyleViewController.m */ = {isa = PBXFileReference; fileEncoding = 4; lastKnownFileType = sourcecode.c.objc; name = MapStyleViewController.m; path = RestaurantKit/MapStyleViewController.m; sourceTree = SOURCE_ROOT; };
		FC5855171ADC4F9400D4EB3F /* VenueDetailsViewController.h */ = {isa = PBXFileReference; fileEncoding = 4; lastKnownFileType = sourcecode.c.h; name = VenueDetailsViewController.h; path = RestaurantKit/VenueDetailsViewController.h; sourceTree = SOURCE_ROOT; };
		FC5855181ADC4F9400D4EB3F /* VenueDetailsViewController.m */ = {isa = PBXFileReference; fileEncoding = 4; lastKnownFileType = sourcecode.c.objc; name = VenueDetailsViewController.m; path = RestaurantKit/VenueDetailsViewController.m; sourceTree = SOURCE_ROOT; };
		FC5855191ADC4F9400D4EB3F /* VenueMapViewController.h */ = {isa = PBXFileReference; fileEncoding = 4; lastKnownFileType = sourcecode.c.h; name = VenueMapViewController.h; path = RestaurantKit/VenueMapViewController.h; sourceTree = SOURCE_ROOT; };
		FC58551A1ADC4F9400D4EB3F /* VenueMapViewController.m */ = {isa = PBXFileReference; fileEncoding = 4; lastKnownFileType = sourcecode.c.objc; name = VenueMapViewController.m; path = RestaurantKit/VenueMapViewController.m; sourceTree = SOURCE_ROOT; };
		FC58551B1ADC4F9400D4EB3F /* VenueViewController.h */ = {isa = PBXFileReference; fileEncoding = 4; lastKnownFileType = sourcecode.c.h; name = VenueViewController.h; path = RestaurantKit/VenueViewController.h; sourceTree = SOURCE_ROOT; };
		FC58551C1ADC4F9400D4EB3F /* VenueViewController.m */ = {isa = PBXFileReference; fileEncoding = 4; lastKnownFileType = sourcecode.c.objc; name = VenueViewController.m; path = RestaurantKit/VenueViewController.m; sourceTree = SOURCE_ROOT; };
		FC58551D1ADC4F9400D4EB3F /* WebPageViewController.h */ = {isa = PBXFileReference; fileEncoding = 4; lastKnownFileType = sourcecode.c.h; name = WebPageViewController.h; path = RestaurantKit/WebPageViewController.h; sourceTree = SOURCE_ROOT; };
		FC58551E1ADC4F9400D4EB3F /* WebPageViewController.m */ = {isa = PBXFileReference; fileEncoding = 4; lastKnownFileType = sourcecode.c.objc; name = WebPageViewController.m; path = RestaurantKit/WebPageViewController.m; sourceTree = SOURCE_ROOT; };
		FC5855251ADC4FC800D4EB3F /* Categories.h */ = {isa = PBXFileReference; fileEncoding = 4; lastKnownFileType = sourcecode.c.h; name = Categories.h; path = RestaurantKit/Categories.h; sourceTree = SOURCE_ROOT; };
		FC5855261ADC4FC800D4EB3F /* Categories.m */ = {isa = PBXFileReference; fileEncoding = 4; lastKnownFileType = sourcecode.c.objc; name = Categories.m; path = RestaurantKit/Categories.m; sourceTree = SOURCE_ROOT; };
		FC5855271ADC4FC800D4EB3F /* Contact.h */ = {isa = PBXFileReference; fileEncoding = 4; lastKnownFileType = sourcecode.c.h; name = Contact.h; path = RestaurantKit/Contact.h; sourceTree = SOURCE_ROOT; };
		FC5855281ADC4FC800D4EB3F /* Contact.m */ = {isa = PBXFileReference; fileEncoding = 4; lastKnownFileType = sourcecode.c.objc; name = Contact.m; path = RestaurantKit/Contact.m; sourceTree = SOURCE_ROOT; };
		FC5855291ADC4FC800D4EB3F /* HereNow.h */ = {isa = PBXFileReference; fileEncoding = 4; lastKnownFileType = sourcecode.c.h; name = HereNow.h; path = RestaurantKit/HereNow.h; sourceTree = SOURCE_ROOT; };
		FC58552A1ADC4FC800D4EB3F /* HereNow.m */ = {isa = PBXFileReference; fileEncoding = 4; lastKnownFileType = sourcecode.c.objc; name = HereNow.m; path = RestaurantKit/HereNow.m; sourceTree = SOURCE_ROOT; };
		FC58552B1ADC4FC800D4EB3F /* Location.h */ = {isa = PBXFileReference; fileEncoding = 4; lastKnownFileType = sourcecode.c.h; name = Location.h; path = RestaurantKit/Location.h; sourceTree = SOURCE_ROOT; };
		FC58552C1ADC4FC800D4EB3F /* Location.m */ = {isa = PBXFileReference; fileEncoding = 4; lastKnownFileType = sourcecode.c.objc; name = Location.m; path = RestaurantKit/Location.m; sourceTree = SOURCE_ROOT; };
		FC58552D1ADC4FC800D4EB3F /* Menu.h */ = {isa = PBXFileReference; fileEncoding = 4; lastKnownFileType = sourcecode.c.h; name = Menu.h; path = RestaurantKit/Menu.h; sourceTree = SOURCE_ROOT; };
		FC58552E1ADC4FC800D4EB3F /* Menu.m */ = {isa = PBXFileReference; fileEncoding = 4; lastKnownFileType = sourcecode.c.objc; name = Menu.m; path = RestaurantKit/Menu.m; sourceTree = SOURCE_ROOT; };
		FC58552F1ADC4FC800D4EB3F /* Stats.h */ = {isa = PBXFileReference; fileEncoding = 4; lastKnownFileType = sourcecode.c.h; name = Stats.h; path = RestaurantKit/Stats.h; sourceTree = SOURCE_ROOT; };
		FC5855301ADC4FC800D4EB3F /* Stats.m */ = {isa = PBXFileReference; fileEncoding = 4; lastKnownFileType = sourcecode.c.objc; name = Stats.m; path = RestaurantKit/Stats.m; sourceTree = SOURCE_ROOT; };
		FC5855311ADC4FC800D4EB3F /* Venue.h */ = {isa = PBXFileReference; fileEncoding = 4; lastKnownFileType = sourcecode.c.h; name = Venue.h; path = RestaurantKit/Venue.h; sourceTree = SOURCE_ROOT; };
		FC5855321ADC4FC800D4EB3F /* Venue.m */ = {isa = PBXFileReference; fileEncoding = 4; lastKnownFileType = sourcecode.c.objc; name = Venue.m; path = RestaurantKit/Venue.m; sourceTree = SOURCE_ROOT; };
		FC58553A1ADC4FF500D4EB3F /* CategoryCell.h */ = {isa = PBXFileReference; fileEncoding = 4; lastKnownFileType = sourcecode.c.h; name = CategoryCell.h; path = RestaurantKit/CategoryCell.h; sourceTree = SOURCE_ROOT; };
		FC58553B1ADC4FF500D4EB3F /* CategoryCell.m */ = {isa = PBXFileReference; fileEncoding = 4; lastKnownFileType = sourcecode.c.objc; name = CategoryCell.m; path = RestaurantKit/CategoryCell.m; sourceTree = SOURCE_ROOT; };
		FC58553C1ADC4FF500D4EB3F /* VenueCell.h */ = {isa = PBXFileReference; fileEncoding = 4; lastKnownFileType = sourcecode.c.h; name = VenueCell.h; path = RestaurantKit/VenueCell.h; sourceTree = SOURCE_ROOT; };
		FC58553D1ADC4FF500D4EB3F /* VenueCell.m */ = {isa = PBXFileReference; fileEncoding = 4; lastKnownFileType = sourcecode.c.objc; name = VenueCell.m; path = RestaurantKit/VenueCell.m; sourceTree = SOURCE_ROOT; };
		FC5855401ADC501000D4EB3F /* Images.xcassets */ = {isa = PBXFileReference; lastKnownFileType = folder.assetcatalog; name = Images.xcassets; path = RestaurantKit/Images.xcassets; sourceTree = SOURCE_ROOT; };
		FC5855431ADC506700D4EB3F /* Base */ = {isa = PBXFileReference; lastKnownFileType = file.xib; name = Base; path = RestaurantKit/Base.lproj/LaunchScreen.xib; sourceTree = SOURCE_ROOT; };
		FC5855451ADC506700D4EB3F /* Base */ = {isa = PBXFileReference; lastKnownFileType = file.storyboard; name = Base; path = RestaurantKit/Base.lproj/Main.storyboard; sourceTree = SOURCE_ROOT; };
		FC96BA0D1AEA92380003ECC3 /* Hours.h */ = {isa = PBXFileReference; fileEncoding = 4; lastKnownFileType = sourcecode.c.h; path = Hours.h; sourceTree = SOURCE_ROOT; };
		FC96BA0E1AEA92380003ECC3 /* Hours.m */ = {isa = PBXFileReference; fileEncoding = 4; lastKnownFileType = sourcecode.c.objc; path = Hours.m; sourceTree = SOURCE_ROOT; };
		FC96BA101AEA92AD0003ECC3 /* TimeFrame.h */ = {isa = PBXFileReference; fileEncoding = 4; lastKnownFileType = sourcecode.c.h; path = TimeFrame.h; sourceTree = SOURCE_ROOT; };
		FC96BA111AEA92AD0003ECC3 /* TimeFrame.m */ = {isa = PBXFileReference; fileEncoding = 4; lastKnownFileType = sourcecode.c.objc; path = TimeFrame.m; sourceTree = SOURCE_ROOT; };
		FC96BA131AEABCEB0003ECC3 /* Price.h */ = {isa = PBXFileReference; fileEncoding = 4; lastKnownFileType = sourcecode.c.h; path = Price.h; sourceTree = SOURCE_ROOT; };
		FC96BA141AEABCEB0003ECC3 /* Price.m */ = {isa = PBXFileReference; fileEncoding = 4; lastKnownFileType = sourcecode.c.objc; path = Price.m; sourceTree = SOURCE_ROOT; };
		FC96BA161AEAE2220003ECC3 /* Photo.h */ = {isa = PBXFileReference; fileEncoding = 4; lastKnownFileType = sourcecode.c.h; path = Photo.h; sourceTree = SOURCE_ROOT; };
		FC96BA171AEAE2220003ECC3 /* Photo.m */ = {isa = PBXFileReference; fileEncoding = 4; lastKnownFileType = sourcecode.c.objc; path = Photo.m; sourceTree = SOURCE_ROOT; };
		FCB350C31ACAFDA30068DB28 /* Social.framework */ = {isa = PBXFileReference; lastKnownFileType = wrapper.framework; name = Social.framework; path = System/Library/Frameworks/Social.framework; sourceTree = SDKROOT; };
		FCCEB2FC1AC84E8800634876 /* RestaurantKit.app */ = {isa = PBXFileReference; explicitFileType = wrapper.application; includeInIndex = 0; path = RestaurantKit.app; sourceTree = BUILT_PRODUCTS_DIR; };
		FCCEB3181AC84E8800634876 /* RestaurantKitTests.xctest */ = {isa = PBXFileReference; explicitFileType = wrapper.cfbundle; includeInIndex = 0; path = RestaurantKitTests.xctest; sourceTree = BUILT_PRODUCTS_DIR; };
		FCCEB3B61AC88CE800634876 /* CFNetwork.framework */ = {isa = PBXFileReference; lastKnownFileType = wrapper.framework; name = CFNetwork.framework; path = System/Library/Frameworks/CFNetwork.framework; sourceTree = SDKROOT; };
		FCCEB3B81AC88CE800634876 /* Security.framework */ = {isa = PBXFileReference; lastKnownFileType = wrapper.framework; name = Security.framework; path = System/Library/Frameworks/Security.framework; sourceTree = SDKROOT; };
		FCCEB3B91AC88CE800634876 /* SystemConfiguration.framework */ = {isa = PBXFileReference; lastKnownFileType = wrapper.framework; name = SystemConfiguration.framework; path = System/Library/Frameworks/SystemConfiguration.framework; sourceTree = SDKROOT; };
		FCCEB3BE1AC88D0900634876 /* CoreData.framework */ = {isa = PBXFileReference; lastKnownFileType = wrapper.framework; name = CoreData.framework; path = System/Library/Frameworks/CoreData.framework; sourceTree = SDKROOT; };
		FCCEB3BF1AC88D0900634876 /* MobileCoreServices.framework */ = {isa = PBXFileReference; lastKnownFileType = wrapper.framework; name = MobileCoreServices.framework; path = System/Library/Frameworks/MobileCoreServices.framework; sourceTree = SDKROOT; };
		FCFBF1201ADC259B0055EA73 /* RestaurantKitTests.m */ = {isa = PBXFileReference; fileEncoding = 4; lastKnownFileType = sourcecode.c.objc; name = RestaurantKitTests.m; path = RestaurantKitTests/RestaurantKitTests.m; sourceTree = SOURCE_ROOT; };
		FCFBF1221ADC25AB0055EA73 /* Info.plist */ = {isa = PBXFileReference; fileEncoding = 4; lastKnownFileType = text.plist.xml; name = Info.plist; path = RestaurantKitTests/Info.plist; sourceTree = SOURCE_ROOT; };
/* End PBXFileReference section */

/* Begin PBXFrameworksBuildPhase section */
		FCCEB2F91AC84E8800634876 /* Frameworks */ = {
			isa = PBXFrameworksBuildPhase;
			buildActionMask = 2147483647;
			files = (
				FC2235881AD3089F00D0E827 /* CoreLocation.framework in Frameworks */,
				FC2235861AD1953E00D0E827 /* MapKit.framework in Frameworks */,
				FCB350C41ACAFDA30068DB28 /* Social.framework in Frameworks */,
				FCCEB3BA1AC88CE800634876 /* CFNetwork.framework in Frameworks */,
				FCCEB3C01AC88D0900634876 /* CoreData.framework in Frameworks */,
				FCCEB3C11AC88D0900634876 /* MobileCoreServices.framework in Frameworks */,
				FCCEB3BC1AC88CE800634876 /* Security.framework in Frameworks */,
				FCCEB3BD1AC88CE800634876 /* SystemConfiguration.framework in Frameworks */,
				221C61F4957B0CCDE734BB86 /* libPods.a in Frameworks */,
			);
			runOnlyForDeploymentPostprocessing = 0;
		};
		FCCEB3151AC84E8800634876 /* Frameworks */ = {
			isa = PBXFrameworksBuildPhase;
			buildActionMask = 2147483647;
			files = (
			);
			runOnlyForDeploymentPostprocessing = 0;
		};
/* End PBXFrameworksBuildPhase section */

/* Begin PBXGroup section */
		42521220B4219B189297574D /* Pods */ = {
			isa = PBXGroup;
			children = (
				A0459C455E011348F3BE76FD /* Pods.debug.xcconfig */,
				A11E4AE9B760A360996C2E8A /* Pods.release.xcconfig */,
			);
			name = Pods;
			sourceTree = "<group>";
		};
		5E15EA07F0E09F18E3C1F815 /* Frameworks */ = {
			isa = PBXGroup;
			children = (
				FCCEB3B61AC88CE800634876 /* CFNetwork.framework */,
				FCCEB3BE1AC88D0900634876 /* CoreData.framework */,
				FC2235871AD3089F00D0E827 /* CoreLocation.framework */,
				FC2235851AD1953E00D0E827 /* MapKit.framework */,
				FCCEB3BF1AC88D0900634876 /* MobileCoreServices.framework */,
				FCCEB3B81AC88CE800634876 /* Security.framework */,
				FCB350C31ACAFDA30068DB28 /* Social.framework */,
				FCCEB3B91AC88CE800634876 /* SystemConfiguration.framework */,
				D0A3356CC65406ED554CC112 /* libPods.a */,
			);
			name = Frameworks;
			sourceTree = "<group>";
		};
		FCB350D91ACDD43F0068DB28 /* Style */ = {
			isa = PBXGroup;
			children = (
				FC5855011ADC4EFD00D4EB3F /* Appearance.h */,
				FC5855021ADC4EFD00D4EB3F /* Appearance.m */,
			);
			name = Style;
			sourceTree = "<group>";
		};
		FCB350DD1ACDEB560068DB28 /* images */ = {
			isa = PBXGroup;
			children = (
				FC5855111ADC4F5A00D4EB3F /* surf_gradient_textured_44.png */,
			);
			name = images;
			sourceTree = "<group>";
		};
		FCCEB2F31AC84E8800634876 = {
			isa = PBXGroup;
			children = (
				FCCEB2FE1AC84E8800634876 /* RestaurantKit */,
				FCCEB31B1AC84E8800634876 /* RestaurantKitTests */,
				FCCEB2FD1AC84E8800634876 /* Products */,
				42521220B4219B189297574D /* Pods */,
				5E15EA07F0E09F18E3C1F815 /* Frameworks */,
			);
			sourceTree = "<group>";
		};
		FCCEB2FD1AC84E8800634876 /* Products */ = {
			isa = PBXGroup;
			children = (
				FCCEB2FC1AC84E8800634876 /* RestaurantKit.app */,
				FCCEB3181AC84E8800634876 /* RestaurantKitTests.xctest */,
			);
			name = Products;
			sourceTree = "<group>";
		};
		FCCEB2FE1AC84E8800634876 /* RestaurantKit */ = {
			isa = PBXGroup;
			children = (
				FCCEB3931AC88BB400634876 /* Controllers */,
				FCCEB3921AC88BAD00634876 /* Core */,
				FCCEB3941AC88BC200634876 /* Custom_UITableViewCell */,
				FC5855401ADC501000D4EB3F /* Images.xcassets */,
				FC5855421ADC506700D4EB3F /* LaunchScreen.xib */,
				FC5855441ADC506700D4EB3F /* Main.storyboard */,
				FCB350D91ACDD43F0068DB28 /* Style */,
				FCCEB2FF1AC84E8800634876 /* Supporting Files */,
			);
			name = RestaurantKit;
			path = CoffeeKit;
			sourceTree = "<group>";
		};
		FCCEB2FF1AC84E8800634876 /* Supporting Files */ = {
			isa = PBXGroup;
			children = (
				FC5855041ADC4F1100D4EB3F /* Categories.plist */,
				FC5855061ADC4F2700D4EB3F /* RestaurantKit-Prefix.pch */,
				FC5855071ADC4F2700D4EB3F /* RestaurantKitAppDelegate.h */,
				FC5855081ADC4F2700D4EB3F /* RestaurantKitAppDelegate.m */,
				FCB350DD1ACDEB560068DB28 /* images */,
				FC58550A1ADC4F3E00D4EB3F /* Info.plist */,
				FC58550B1ADC4F3E00D4EB3F /* main.m */,
				FC58550C1ADC4F3E00D4EB3F /* Preferences.h */,
				FC58550D1ADC4F3E00D4EB3F /* Preferences.m */,
			);
			name = "Supporting Files";
			sourceTree = "<group>";
		};
		FCCEB31B1AC84E8800634876 /* RestaurantKitTests */ = {
			isa = PBXGroup;
			children = (
				FCFBF1201ADC259B0055EA73 /* RestaurantKitTests.m */,
				FCCEB31C1AC84E8800634876 /* Supporting Files */,
			);
			name = RestaurantKitTests;
			path = CoffeeKitTests;
			sourceTree = "<group>";
		};
		FCCEB31C1AC84E8800634876 /* Supporting Files */ = {
			isa = PBXGroup;
			children = (
				FCFBF1221ADC25AB0055EA73 /* Info.plist */,
			);
			name = "Supporting Files";
			sourceTree = "<group>";
		};
		FCCEB3921AC88BAD00634876 /* Core */ = {
			isa = PBXGroup;
			children = (
				FC5855251ADC4FC800D4EB3F /* Categories.h */,
				FC5855261ADC4FC800D4EB3F /* Categories.m */,
				FC5855271ADC4FC800D4EB3F /* Contact.h */,
				FC5855281ADC4FC800D4EB3F /* Contact.m */,
				FC5855291ADC4FC800D4EB3F /* HereNow.h */,
				FC58552A1ADC4FC800D4EB3F /* HereNow.m */,
				FC96BA0D1AEA92380003ECC3 /* Hours.h */,
				FC96BA0E1AEA92380003ECC3 /* Hours.m */,
				FC58552B1ADC4FC800D4EB3F /* Location.h */,
				FC58552C1ADC4FC800D4EB3F /* Location.m */,
				FC58552D1ADC4FC800D4EB3F /* Menu.h */,
				FC58552E1ADC4FC800D4EB3F /* Menu.m */,
				FC96BA161AEAE2220003ECC3 /* Photo.h */,
				FC96BA171AEAE2220003ECC3 /* Photo.m */,
				FC96BA131AEABCEB0003ECC3 /* Price.h */,
				FC96BA141AEABCEB0003ECC3 /* Price.m */,
				FC58552F1ADC4FC800D4EB3F /* Stats.h */,
				FC5855301ADC4FC800D4EB3F /* Stats.m */,
				FC96BA101AEA92AD0003ECC3 /* TimeFrame.h */,
				FC96BA111AEA92AD0003ECC3 /* TimeFrame.m */,
				FC5855311ADC4FC800D4EB3F /* Venue.h */,
				FC5855321ADC4FC800D4EB3F /* Venue.m */,
			);
			name = Core;
			sourceTree = "<group>";
		};
		FCCEB3931AC88BB400634876 /* Controllers */ = {
			isa = PBXGroup;
			children = (
				FC5855131ADC4F9400D4EB3F /* CategoryTableViewController.h */,
				FC5855141ADC4F9400D4EB3F /* CategoryTableViewController.m */,
				FC5855151ADC4F9400D4EB3F /* MapStyleViewController.h */,
				FC5855161ADC4F9400D4EB3F /* MapStyleViewController.m */,
				FC5855171ADC4F9400D4EB3F /* VenueDetailsViewController.h */,
				FC5855181ADC4F9400D4EB3F /* VenueDetailsViewController.m */,
				FC5855191ADC4F9400D4EB3F /* VenueMapViewController.h */,
				FC58551A1ADC4F9400D4EB3F /* VenueMapViewController.m */,
				FC58551B1ADC4F9400D4EB3F /* VenueViewController.h */,
				FC58551C1ADC4F9400D4EB3F /* VenueViewController.m */,
				FC58551D1ADC4F9400D4EB3F /* WebPageViewController.h */,
				FC58551E1ADC4F9400D4EB3F /* WebPageViewController.m */,
			);
			name = Controllers;
			sourceTree = "<group>";
		};
		FCCEB3941AC88BC200634876 /* Custom_UITableViewCell */ = {
			isa = PBXGroup;
			children = (
				FC58553A1ADC4FF500D4EB3F /* CategoryCell.h */,
				FC58553B1ADC4FF500D4EB3F /* CategoryCell.m */,
				FC58553C1ADC4FF500D4EB3F /* VenueCell.h */,
				FC58553D1ADC4FF500D4EB3F /* VenueCell.m */,
			);
			name = Custom_UITableViewCell;
			sourceTree = "<group>";
		};
/* End PBXGroup section */

/* Begin PBXNativeTarget section */
		FCCEB2FB1AC84E8800634876 /* RestaurantKit */ = {
			isa = PBXNativeTarget;
			buildConfigurationList = FCCEB3221AC84E8800634876 /* Build configuration list for PBXNativeTarget "RestaurantKit" */;
			buildPhases = (
				80761D86EAD6B9515C35C386 /* Check Pods Manifest.lock */,
				FCCEB2F81AC84E8800634876 /* Sources */,
				FCCEB2F91AC84E8800634876 /* Frameworks */,
				FCCEB2FA1AC84E8800634876 /* Resources */,
				1BCC2BBB91369FC5E423EAA0 /* Copy Pods Resources */,
			);
			buildRules = (
			);
			dependencies = (
			);
			name = RestaurantKit;
			productName = CoffeeKit;
			productReference = FCCEB2FC1AC84E8800634876 /* RestaurantKit.app */;
			productType = "com.apple.product-type.application";
		};
		FCCEB3171AC84E8800634876 /* RestaurantKitTests */ = {
			isa = PBXNativeTarget;
			buildConfigurationList = FCCEB3251AC84E8800634876 /* Build configuration list for PBXNativeTarget "RestaurantKitTests" */;
			buildPhases = (
				FCCEB3141AC84E8800634876 /* Sources */,
				FCCEB3151AC84E8800634876 /* Frameworks */,
				FCCEB3161AC84E8800634876 /* Resources */,
			);
			buildRules = (
			);
			dependencies = (
				FCCEB31A1AC84E8800634876 /* PBXTargetDependency */,
			);
			name = RestaurantKitTests;
			productName = CoffeeKitTests;
			productReference = FCCEB3181AC84E8800634876 /* RestaurantKitTests.xctest */;
			productType = "com.apple.product-type.bundle.unit-test";
		};
/* End PBXNativeTarget section */

/* Begin PBXProject section */
		FCCEB2F41AC84E8800634876 /* Project object */ = {
			isa = PBXProject;
			attributes = {
				LastUpgradeCheck = 0620;
				ORGANIZATIONNAME = "Rahul Nadella";
				TargetAttributes = {
					FCCEB2FB1AC84E8800634876 = {
						CreatedOnToolsVersion = 6.2;
					};
					FCCEB3171AC84E8800634876 = {
						CreatedOnToolsVersion = 6.2;
						TestTargetID = FCCEB2FB1AC84E8800634876;
					};
				};
			};
			buildConfigurationList = FCCEB2F71AC84E8800634876 /* Build configuration list for PBXProject "RestaurantKit" */;
			compatibilityVersion = "Xcode 3.2";
			developmentRegion = English;
			hasScannedForEncodings = 0;
			knownRegions = (
				en,
				Base,
			);
			mainGroup = FCCEB2F31AC84E8800634876;
			productRefGroup = FCCEB2FD1AC84E8800634876 /* Products */;
			projectDirPath = "";
			projectRoot = "";
			targets = (
				FCCEB2FB1AC84E8800634876 /* RestaurantKit */,
				FCCEB3171AC84E8800634876 /* RestaurantKitTests */,
			);
		};
/* End PBXProject section */

/* Begin PBXResourcesBuildPhase section */
		FCCEB2FA1AC84E8800634876 /* Resources */ = {
			isa = PBXResourcesBuildPhase;
			buildActionMask = 2147483647;
			files = (
				FC5855461ADC506700D4EB3F /* LaunchScreen.xib in Resources */,
				FC5855411ADC501000D4EB3F /* Images.xcassets in Resources */,
				FC5855471ADC506700D4EB3F /* Main.storyboard in Resources */,
				FC5855121ADC4F5A00D4EB3F /* surf_gradient_textured_44.png in Resources */,
				FC5855051ADC4F1100D4EB3F /* Categories.plist in Resources */,
			);
			runOnlyForDeploymentPostprocessing = 0;
		};
		FCCEB3161AC84E8800634876 /* Resources */ = {
			isa = PBXResourcesBuildPhase;
			buildActionMask = 2147483647;
			files = (
			);
			runOnlyForDeploymentPostprocessing = 0;
		};
/* End PBXResourcesBuildPhase section */

/* Begin PBXShellScriptBuildPhase section */
		1BCC2BBB91369FC5E423EAA0 /* Copy Pods Resources */ = {
			isa = PBXShellScriptBuildPhase;
			buildActionMask = 2147483647;
			files = (
			);
			inputPaths = (
			);
			name = "Copy Pods Resources";
			outputPaths = (
			);
			runOnlyForDeploymentPostprocessing = 0;
			shellPath = /bin/sh;
			shellScript = "\"${SRCROOT}/Pods/Target Support Files/Pods/Pods-resources.sh\"\n";
			showEnvVarsInLog = 0;
		};
		80761D86EAD6B9515C35C386 /* Check Pods Manifest.lock */ = {
			isa = PBXShellScriptBuildPhase;
			buildActionMask = 2147483647;
			files = (
			);
			inputPaths = (
			);
			name = "Check Pods Manifest.lock";
			outputPaths = (
			);
			runOnlyForDeploymentPostprocessing = 0;
			shellPath = /bin/sh;
			shellScript = "diff \"${PODS_ROOT}/../Podfile.lock\" \"${PODS_ROOT}/Manifest.lock\" > /dev/null\nif [[ $? != 0 ]] ; then\n    cat << EOM\nerror: The sandbox is not in sync with the Podfile.lock. Run 'pod install' or update your CocoaPods installation.\nEOM\n    exit 1\nfi\n";
			showEnvVarsInLog = 0;
		};
/* End PBXShellScriptBuildPhase section */

/* Begin PBXSourcesBuildPhase section */
		FCCEB2F81AC84E8800634876 /* Sources */ = {
			isa = PBXSourcesBuildPhase;
			buildActionMask = 2147483647;
			files = (
				FC5855241ADC4F9400D4EB3F /* WebPageViewController.m in Sources */,
				FC5855341ADC4FC800D4EB3F /* Contact.m in Sources */,
				FC5855091ADC4F2700D4EB3F /* RestaurantKitAppDelegate.m in Sources */,
				FC96BA151AEABCEB0003ECC3 /* Price.m in Sources */,
				FC5855231ADC4F9400D4EB3F /* VenueViewController.m in Sources */,
				FC5855201ADC4F9400D4EB3F /* MapStyleViewController.m in Sources */,
				FC58550F1ADC4F3E00D4EB3F /* main.m in Sources */,
				FC5855391ADC4FC800D4EB3F /* Venue.m in Sources */,
				FC5855031ADC4EFD00D4EB3F /* Appearance.m in Sources */,
				FC5855371ADC4FC800D4EB3F /* Menu.m in Sources */,
				FC58553E1ADC4FF500D4EB3F /* CategoryCell.m in Sources */,
				FC5855381ADC4FC800D4EB3F /* Stats.m in Sources */,
				FC58553F1ADC4FF500D4EB3F /* VenueCell.m in Sources */,
				FC5855361ADC4FC800D4EB3F /* Location.m in Sources */,
				FC96BA121AEA92AD0003ECC3 /* TimeFrame.m in Sources */,
				FC5855331ADC4FC800D4EB3F /* Categories.m in Sources */,
				FC58551F1ADC4F9400D4EB3F /* CategoryTableViewController.m in Sources */,
				FC96BA0F1AEA92380003ECC3 /* Hours.m in Sources */,
				FC5855211ADC4F9400D4EB3F /* VenueDetailsViewController.m in Sources */,
				FC96BA181AEAE2220003ECC3 /* Photo.m in Sources */,
				FC5855351ADC4FC800D4EB3F /* HereNow.m in Sources */,
				FC5855101ADC4F3E00D4EB3F /* Preferences.m in Sources */,
				FC5855221ADC4F9400D4EB3F /* VenueMapViewController.m in Sources */,
			);
			runOnlyForDeploymentPostprocessing = 0;
		};
		FCCEB3141AC84E8800634876 /* Sources */ = {
			isa = PBXSourcesBuildPhase;
			buildActionMask = 2147483647;
			files = (
				FCFBF1211ADC259B0055EA73 /* RestaurantKitTests.m in Sources */,
			);
			runOnlyForDeploymentPostprocessing = 0;
		};
/* End PBXSourcesBuildPhase section */

/* Begin PBXTargetDependency section */
		FCCEB31A1AC84E8800634876 /* PBXTargetDependency */ = {
			isa = PBXTargetDependency;
			target = FCCEB2FB1AC84E8800634876 /* RestaurantKit */;
			targetProxy = FCCEB3191AC84E8800634876 /* PBXContainerItemProxy */;
		};
/* End PBXTargetDependency section */

/* Begin PBXVariantGroup section */
		FC5855421ADC506700D4EB3F /* LaunchScreen.xib */ = {
			isa = PBXVariantGroup;
			children = (
				FC5855431ADC506700D4EB3F /* Base */,
			);
			name = LaunchScreen.xib;
			sourceTree = "<group>";
		};
		FC5855441ADC506700D4EB3F /* Main.storyboard */ = {
			isa = PBXVariantGroup;
			children = (
				FC5855451ADC506700D4EB3F /* Base */,
			);
			name = Main.storyboard;
			sourceTree = "<group>";
		};
/* End PBXVariantGroup section */

/* Begin XCBuildConfiguration section */
		FCCEB3201AC84E8800634876 /* Debug */ = {
			isa = XCBuildConfiguration;
			buildSettings = {
				ALWAYS_SEARCH_USER_PATHS = NO;
				CLANG_CXX_LANGUAGE_STANDARD = "gnu++0x";
				CLANG_CXX_LIBRARY = "libc++";
				CLANG_ENABLE_MODULES = YES;
				CLANG_ENABLE_OBJC_ARC = YES;
				CLANG_WARN_BOOL_CONVERSION = YES;
				CLANG_WARN_CONSTANT_CONVERSION = YES;
				CLANG_WARN_DIRECT_OBJC_ISA_USAGE = YES_ERROR;
				CLANG_WARN_EMPTY_BODY = YES;
				CLANG_WARN_ENUM_CONVERSION = YES;
				CLANG_WARN_INT_CONVERSION = YES;
				CLANG_WARN_OBJC_ROOT_CLASS = YES_ERROR;
				CLANG_WARN_UNREACHABLE_CODE = YES;
				CLANG_WARN__DUPLICATE_METHOD_MATCH = YES;
				"CODE_SIGN_IDENTITY[sdk=iphoneos*]" = "iPhone Developer";
				COPY_PHASE_STRIP = NO;
				ENABLE_STRICT_OBJC_MSGSEND = YES;
				GCC_C_LANGUAGE_STANDARD = gnu99;
				GCC_DYNAMIC_NO_PIC = NO;
				GCC_OPTIMIZATION_LEVEL = 0;
				GCC_PREPROCESSOR_DEFINITIONS = (
					"DEBUG=1",
					"$(inherited)",
				);
				GCC_SYMBOLS_PRIVATE_EXTERN = NO;
				GCC_WARN_64_TO_32_BIT_CONVERSION = YES;
				GCC_WARN_ABOUT_RETURN_TYPE = YES_ERROR;
				GCC_WARN_UNDECLARED_SELECTOR = YES;
				GCC_WARN_UNINITIALIZED_AUTOS = YES_AGGRESSIVE;
				GCC_WARN_UNUSED_FUNCTION = YES;
				GCC_WARN_UNUSED_VARIABLE = YES;
				IPHONEOS_DEPLOYMENT_TARGET = 8.2;
				MTL_ENABLE_DEBUG_INFO = YES;
				ONLY_ACTIVE_ARCH = YES;
				SDKROOT = iphoneos;
			};
			name = Debug;
		};
		FCCEB3211AC84E8800634876 /* Release */ = {
			isa = XCBuildConfiguration;
			buildSettings = {
				ALWAYS_SEARCH_USER_PATHS = NO;
				CLANG_CXX_LANGUAGE_STANDARD = "gnu++0x";
				CLANG_CXX_LIBRARY = "libc++";
				CLANG_ENABLE_MODULES = YES;
				CLANG_ENABLE_OBJC_ARC = YES;
				CLANG_WARN_BOOL_CONVERSION = YES;
				CLANG_WARN_CONSTANT_CONVERSION = YES;
				CLANG_WARN_DIRECT_OBJC_ISA_USAGE = YES_ERROR;
				CLANG_WARN_EMPTY_BODY = YES;
				CLANG_WARN_ENUM_CONVERSION = YES;
				CLANG_WARN_INT_CONVERSION = YES;
				CLANG_WARN_OBJC_ROOT_CLASS = YES_ERROR;
				CLANG_WARN_UNREACHABLE_CODE = YES;
				CLANG_WARN__DUPLICATE_METHOD_MATCH = YES;
				"CODE_SIGN_IDENTITY[sdk=iphoneos*]" = "iPhone Developer";
				COPY_PHASE_STRIP = NO;
				ENABLE_NS_ASSERTIONS = NO;
				ENABLE_STRICT_OBJC_MSGSEND = YES;
				GCC_C_LANGUAGE_STANDARD = gnu99;
				GCC_WARN_64_TO_32_BIT_CONVERSION = YES;
				GCC_WARN_ABOUT_RETURN_TYPE = YES_ERROR;
				GCC_WARN_UNDECLARED_SELECTOR = YES;
				GCC_WARN_UNINITIALIZED_AUTOS = YES_AGGRESSIVE;
				GCC_WARN_UNUSED_FUNCTION = YES;
				GCC_WARN_UNUSED_VARIABLE = YES;
				IPHONEOS_DEPLOYMENT_TARGET = 8.2;
				MTL_ENABLE_DEBUG_INFO = NO;
				SDKROOT = iphoneos;
				VALIDATE_PRODUCT = YES;
			};
			name = Release;
		};
		FCCEB3231AC84E8800634876 /* Debug */ = {
			isa = XCBuildConfiguration;
			baseConfigurationReference = A0459C455E011348F3BE76FD /* Pods.debug.xcconfig */;
			buildSettings = {
				ASSETCATALOG_COMPILER_APPICON_NAME = AppIcon;
				GCC_PREFIX_HEADER = "$(SRCROOT)/RestaurantKit/RestaurantKit-Prefix.pch";
				HEADER_SEARCH_PATHS = (
					"$(inherited)",
					/Applications/Xcode.app/Contents/Developer/Toolchains/XcodeDefault.xctoolchain/usr/include,
					"\"$(BUILT_PRODUCTS_DIR)/../../Headers\"",
				);
				INFOPLIST_FILE = RestaurantKit/Info.plist;
				LD_RUNPATH_SEARCH_PATHS = "$(inherited) @executable_path/Frameworks";
				OTHER_LDFLAGS = (
					"-ObjC",
					"$(inherited)",
				);
				PRODUCT_NAME = RestaurantKit;
			};
			name = Debug;
		};
		FCCEB3241AC84E8800634876 /* Release */ = {
			isa = XCBuildConfiguration;
			baseConfigurationReference = A11E4AE9B760A360996C2E8A /* Pods.release.xcconfig */;
			buildSettings = {
				ASSETCATALOG_COMPILER_APPICON_NAME = AppIcon;
				GCC_PREFIX_HEADER = "$(SRCROOT)/RestaurantKit/RestaurantKit-Prefix.pch";
				HEADER_SEARCH_PATHS = (
					"$(inherited)",
					/Applications/Xcode.app/Contents/Developer/Toolchains/XcodeDefault.xctoolchain/usr/include,
					"\"$(BUILT_PRODUCTS_DIR)/../../Headers\"",
				);
				INFOPLIST_FILE = RestaurantKit/Info.plist;
				LD_RUNPATH_SEARCH_PATHS = "$(inherited) @executable_path/Frameworks";
				OTHER_LDFLAGS = (
					"-ObjC",
					"$(inherited)",
				);
				PRODUCT_NAME = RestaurantKit;
			};
			name = Release;
		};
		FCCEB3261AC84E8800634876 /* Debug */ = {
			isa = XCBuildConfiguration;
			buildSettings = {
				BUNDLE_LOADER = "$(TEST_HOST)";
				FRAMEWORK_SEARCH_PATHS = (
					"$(SDKROOT)/Developer/Library/Frameworks",
					"$(inherited)",
				);
				GCC_PREPROCESSOR_DEFINITIONS = (
					"DEBUG=1",
					"$(inherited)",
				);
				INFOPLIST_FILE = RestaurantKitTests/Info.plist;
				LD_RUNPATH_SEARCH_PATHS = "$(inherited) @executable_path/Frameworks @loader_path/Frameworks";
				PRODUCT_NAME = RestaurantKitTests;
				TEST_HOST = "$(BUILT_PRODUCTS_DIR)/RestaurantKit.app/RestaurantKit";
			};
			name = Debug;
		};
		FCCEB3271AC84E8800634876 /* Release */ = {
			isa = XCBuildConfiguration;
			buildSettings = {
				BUNDLE_LOADER = "$(TEST_HOST)";
				FRAMEWORK_SEARCH_PATHS = (
					"$(SDKROOT)/Developer/Library/Frameworks",
					"$(inherited)",
				);
				INFOPLIST_FILE = RestaurantKitTests/Info.plist;
				LD_RUNPATH_SEARCH_PATHS = "$(inherited) @executable_path/Frameworks @loader_path/Frameworks";
				PRODUCT_NAME = RestaurantKitTests;
				TEST_HOST = "$(BUILT_PRODUCTS_DIR)/RestaurantKit.app/RestaurantKit";
			};
			name = Release;
		};
/* End XCBuildConfiguration section */

/* Begin XCConfigurationList section */
		FCCEB2F71AC84E8800634876 /* Build configuration list for PBXProject "RestaurantKit" */ = {
			isa = XCConfigurationList;
			buildConfigurations = (
				FCCEB3201AC84E8800634876 /* Debug */,
				FCCEB3211AC84E8800634876 /* Release */,
			);
			defaultConfigurationIsVisible = 0;
			defaultConfigurationName = Release;
		};
		FCCEB3221AC84E8800634876 /* Build configuration list for PBXNativeTarget "RestaurantKit" */ = {
			isa = XCConfigurationList;
			buildConfigurations = (
				FCCEB3231AC84E8800634876 /* Debug */,
				FCCEB3241AC84E8800634876 /* Release */,
			);
			defaultConfigurationIsVisible = 0;
			defaultConfigurationName = Release;
		};
		FCCEB3251AC84E8800634876 /* Build configuration list for PBXNativeTarget "RestaurantKitTests" */ = {
			isa = XCConfigurationList;
			buildConfigurations = (
				FCCEB3261AC84E8800634876 /* Debug */,
				FCCEB3271AC84E8800634876 /* Release */,
			);
			defaultConfigurationIsVisible = 0;
			defaultConfigurationName = Release;
		};
/* End XCConfigurationList section */
	};
	rootObject = FCCEB2F41AC84E8800634876 /* Project object */;
}
